// !$*UTF8*$!
{
	archiveVersion = 1;
	classes = {
	};
	objectVersion = 50;
	objects = {

/* Begin PBXBuildFile section */
		060679F3220C8FCE00D6A3FE /* SketchShadow.swift in Sources */ = {isa = PBXBuildFile; fileRef = 060679F2220C8FCE00D6A3FE /* SketchShadow.swift */; };
		062022C92212F8DE008DFECD /* Container_Meditation.swift in Sources */ = {isa = PBXBuildFile; fileRef = 062022C82212F8DE008DFECD /* Container_Meditation.swift */; };
		062022CB2212FD96008DFECD /* Container_Commons.swift in Sources */ = {isa = PBXBuildFile; fileRef = 062022CA2212FD96008DFECD /* Container_Commons.swift */; };
		062022CD221301EA008DFECD /* ActionButtonConfigurator.swift in Sources */ = {isa = PBXBuildFile; fileRef = 062022CC221301EA008DFECD /* ActionButtonConfigurator.swift */; };
		062022CF2213365D008DFECD /* NavigationView.swift in Sources */ = {isa = PBXBuildFile; fileRef = 062022CE2213365D008DFECD /* NavigationView.swift */; };
		062022D122135030008DFECD /* SongPickerViewCell.swift in Sources */ = {isa = PBXBuildFile; fileRef = 062022D022135030008DFECD /* SongPickerViewCell.swift */; };
		06248E21220DCA5C006525F5 /* HomeBoardView.swift in Sources */ = {isa = PBXBuildFile; fileRef = 06248E20220DCA5C006525F5 /* HomeBoardView.swift */; };
		06248E33220DE276006525F5 /* HomeViewModelTests.swift in Sources */ = {isa = PBXBuildFile; fileRef = 06248E32220DE276006525F5 /* HomeViewModelTests.swift */; };
		06248E35220DEF39006525F5 /* ActionButton.swift in Sources */ = {isa = PBXBuildFile; fileRef = 06248E34220DEF39006525F5 /* ActionButton.swift */; };
		0625D260221420F800F13B30 /* SongPickerViewModel.swift in Sources */ = {isa = PBXBuildFile; fileRef = 0625D25F221420F800F13B30 /* SongPickerViewModel.swift */; };
		062FD7602208976900E237DA /* NotificationHandler.swift in Sources */ = {isa = PBXBuildFile; fileRef = 062FD75F2208976900E237DA /* NotificationHandler.swift */; };
		062FD7712208A5C900E237DA /* GradientView.swift in Sources */ = {isa = PBXBuildFile; fileRef = 062FD7702208A5C900E237DA /* GradientView.swift */; };
		062FD7732208A6F800E237DA /* Color_Hex.swift in Sources */ = {isa = PBXBuildFile; fileRef = 062FD7722208A6F800E237DA /* Color_Hex.swift */; };
		069A838F2211FC8100D3E223 /* MeditationViewController.swift in Sources */ = {isa = PBXBuildFile; fileRef = 069A838E2211FC8100D3E223 /* MeditationViewController.swift */; };
		069A83912211FF9800D3E223 /* MeditationView.swift in Sources */ = {isa = PBXBuildFile; fileRef = 069A83902211FF9800D3E223 /* MeditationView.swift */; };
		069A83942212033600D3E223 /* ViewControllerPresenter.swift in Sources */ = {isa = PBXBuildFile; fileRef = 069A83932212033600D3E223 /* ViewControllerPresenter.swift */; };
		069A83962212087E00D3E223 /* HomeView_Dismission.swift in Sources */ = {isa = PBXBuildFile; fileRef = 069A83952212087E00D3E223 /* HomeView_Dismission.swift */; };
		06A71A792201F2A1001DE399 /* AppDelegate.swift in Sources */ = {isa = PBXBuildFile; fileRef = 06A71A782201F2A1001DE399 /* AppDelegate.swift */; };
		06A71A7B2201F2A1001DE399 /* HomeViewController.swift in Sources */ = {isa = PBXBuildFile; fileRef = 06A71A7A2201F2A1001DE399 /* HomeViewController.swift */; };
		06A71A802201F2A3001DE399 /* Assets.xcassets in Resources */ = {isa = PBXBuildFile; fileRef = 06A71A7F2201F2A3001DE399 /* Assets.xcassets */; };
		06A71A832201F2A3001DE399 /* LaunchScreen.storyboard in Resources */ = {isa = PBXBuildFile; fileRef = 06A71A812201F2A3001DE399 /* LaunchScreen.storyboard */; };
		06A71A8C2201F59F001DE399 /* Container.swift in Sources */ = {isa = PBXBuildFile; fileRef = 06A71A8B2201F59F001DE399 /* Container.swift */; };
		06A71A912201F7A1001DE399 /* Container_Home.swift in Sources */ = {isa = PBXBuildFile; fileRef = 06A71A902201F7A1001DE399 /* Container_Home.swift */; };
		06A71A932201F946001DE399 /* Default-568h@2x.png in Resources */ = {isa = PBXBuildFile; fileRef = 06A71A922201F946001DE399 /* Default-568h@2x.png */; };
		06A71A9522020874001DE399 /* HomeViewModel.swift in Sources */ = {isa = PBXBuildFile; fileRef = 06A71A9422020874001DE399 /* HomeViewModel.swift */; };
		06A71A97220213E2001DE399 /* HomeView.swift in Sources */ = {isa = PBXBuildFile; fileRef = 06A71A96220213E2001DE399 /* HomeView.swift */; };
		4D95063E05FFE6287D43A500 /* Pods_MeditationAppShowcaseTests.framework in Frameworks */ = {isa = PBXBuildFile; fileRef = CDF00DA98E19AD68FF52853B /* Pods_MeditationAppShowcaseTests.framework */; };
		B51F7A919D522D3A1ADF4AE6 /* Pods_MeditationAppShowcase.framework in Frameworks */ = {isa = PBXBuildFile; fileRef = A0AA68E81A1442D09C0598E3 /* Pods_MeditationAppShowcase.framework */; };
/* End PBXBuildFile section */

/* Begin PBXContainerItemProxy section */
		06248E2B220DE150006525F5 /* PBXContainerItemProxy */ = {
			isa = PBXContainerItemProxy;
			containerPortal = 06A71A6D2201F2A1001DE399 /* Project object */;
			proxyType = 1;
			remoteGlobalIDString = 06A71A742201F2A1001DE399;
			remoteInfo = MeditationAppShowcase;
		};
/* End PBXContainerItemProxy section */

/* Begin PBXFileReference section */
		060679F2220C8FCE00D6A3FE /* SketchShadow.swift */ = {isa = PBXFileReference; lastKnownFileType = sourcecode.swift; path = SketchShadow.swift; sourceTree = "<group>"; };
		062022C82212F8DE008DFECD /* Container_Meditation.swift */ = {isa = PBXFileReference; lastKnownFileType = sourcecode.swift; path = Container_Meditation.swift; sourceTree = "<group>"; };
		062022CA2212FD96008DFECD /* Container_Commons.swift */ = {isa = PBXFileReference; lastKnownFileType = sourcecode.swift; path = Container_Commons.swift; sourceTree = "<group>"; };
		062022CC221301EA008DFECD /* ActionButtonConfigurator.swift */ = {isa = PBXFileReference; lastKnownFileType = sourcecode.swift; path = ActionButtonConfigurator.swift; sourceTree = "<group>"; };
		062022CE2213365D008DFECD /* NavigationView.swift */ = {isa = PBXFileReference; lastKnownFileType = sourcecode.swift; path = NavigationView.swift; sourceTree = "<group>"; };
		062022D022135030008DFECD /* SongPickerViewCell.swift */ = {isa = PBXFileReference; lastKnownFileType = sourcecode.swift; path = SongPickerViewCell.swift; sourceTree = "<group>"; };
		06248E20220DCA5C006525F5 /* HomeBoardView.swift */ = {isa = PBXFileReference; lastKnownFileType = sourcecode.swift; path = HomeBoardView.swift; sourceTree = "<group>"; };
		06248E26220DE150006525F5 /* MeditationAppShowcaseTests.xctest */ = {isa = PBXFileReference; explicitFileType = wrapper.cfbundle; includeInIndex = 0; path = MeditationAppShowcaseTests.xctest; sourceTree = BUILT_PRODUCTS_DIR; };
		06248E2A220DE150006525F5 /* Info.plist */ = {isa = PBXFileReference; lastKnownFileType = text.plist.xml; path = Info.plist; sourceTree = "<group>"; };
		06248E32220DE276006525F5 /* HomeViewModelTests.swift */ = {isa = PBXFileReference; lastKnownFileType = sourcecode.swift; path = HomeViewModelTests.swift; sourceTree = "<group>"; };
		06248E34220DEF39006525F5 /* ActionButton.swift */ = {isa = PBXFileReference; lastKnownFileType = sourcecode.swift; path = ActionButton.swift; sourceTree = "<group>"; };
		0625D25F221420F800F13B30 /* SongPickerViewModel.swift */ = {isa = PBXFileReference; lastKnownFileType = sourcecode.swift; path = SongPickerViewModel.swift; sourceTree = "<group>"; };
		062FD75F2208976900E237DA /* NotificationHandler.swift */ = {isa = PBXFileReference; lastKnownFileType = sourcecode.swift; path = NotificationHandler.swift; sourceTree = "<group>"; };
		062FD7702208A5C900E237DA /* GradientView.swift */ = {isa = PBXFileReference; lastKnownFileType = sourcecode.swift; path = GradientView.swift; sourceTree = "<group>"; };
		062FD7722208A6F800E237DA /* Color_Hex.swift */ = {isa = PBXFileReference; lastKnownFileType = sourcecode.swift; path = Color_Hex.swift; sourceTree = "<group>"; };
		069A838E2211FC8100D3E223 /* MeditationViewController.swift */ = {isa = PBXFileReference; lastKnownFileType = sourcecode.swift; path = MeditationViewController.swift; sourceTree = "<group>"; };
		069A83902211FF9800D3E223 /* MeditationView.swift */ = {isa = PBXFileReference; lastKnownFileType = sourcecode.swift; path = MeditationView.swift; sourceTree = "<group>"; };
		069A83932212033600D3E223 /* ViewControllerPresenter.swift */ = {isa = PBXFileReference; lastKnownFileType = sourcecode.swift; path = ViewControllerPresenter.swift; sourceTree = "<group>"; };
		069A83952212087E00D3E223 /* HomeView_Dismission.swift */ = {isa = PBXFileReference; lastKnownFileType = sourcecode.swift; path = HomeView_Dismission.swift; sourceTree = "<group>"; };
		06A71A752201F2A1001DE399 /* MeditationAppShowcase.app */ = {isa = PBXFileReference; explicitFileType = wrapper.application; includeInIndex = 0; path = MeditationAppShowcase.app; sourceTree = BUILT_PRODUCTS_DIR; };
		06A71A782201F2A1001DE399 /* AppDelegate.swift */ = {isa = PBXFileReference; lastKnownFileType = sourcecode.swift; path = AppDelegate.swift; sourceTree = "<group>"; };
		06A71A7A2201F2A1001DE399 /* HomeViewController.swift */ = {isa = PBXFileReference; lastKnownFileType = sourcecode.swift; path = HomeViewController.swift; sourceTree = "<group>"; };
		06A71A7F2201F2A3001DE399 /* Assets.xcassets */ = {isa = PBXFileReference; lastKnownFileType = folder.assetcatalog; path = Assets.xcassets; sourceTree = "<group>"; };
		06A71A822201F2A3001DE399 /* Base */ = {isa = PBXFileReference; lastKnownFileType = file.storyboard; name = Base; path = Base.lproj/LaunchScreen.storyboard; sourceTree = "<group>"; };
		06A71A842201F2A3001DE399 /* Info.plist */ = {isa = PBXFileReference; lastKnownFileType = text.plist.xml; path = Info.plist; sourceTree = "<group>"; };
		06A71A8B2201F59F001DE399 /* Container.swift */ = {isa = PBXFileReference; lastKnownFileType = sourcecode.swift; path = Container.swift; sourceTree = "<group>"; };
		06A71A902201F7A1001DE399 /* Container_Home.swift */ = {isa = PBXFileReference; lastKnownFileType = sourcecode.swift; path = Container_Home.swift; sourceTree = "<group>"; };
		06A71A922201F946001DE399 /* Default-568h@2x.png */ = {isa = PBXFileReference; lastKnownFileType = image.png; path = "Default-568h@2x.png"; sourceTree = "<group>"; };
		06A71A9422020874001DE399 /* HomeViewModel.swift */ = {isa = PBXFileReference; lastKnownFileType = sourcecode.swift; path = HomeViewModel.swift; sourceTree = "<group>"; };
		06A71A96220213E2001DE399 /* HomeView.swift */ = {isa = PBXFileReference; lastKnownFileType = sourcecode.swift; path = HomeView.swift; sourceTree = "<group>"; };
		1BD22306F69433F7625D32A0 /* Pods-MeditationAppShowcaseTests.release.xcconfig */ = {isa = PBXFileReference; includeInIndex = 1; lastKnownFileType = text.xcconfig; name = "Pods-MeditationAppShowcaseTests.release.xcconfig"; path = "Pods/Target Support Files/Pods-MeditationAppShowcaseTests/Pods-MeditationAppShowcaseTests.release.xcconfig"; sourceTree = "<group>"; };
		A0AA68E81A1442D09C0598E3 /* Pods_MeditationAppShowcase.framework */ = {isa = PBXFileReference; explicitFileType = wrapper.framework; includeInIndex = 0; path = Pods_MeditationAppShowcase.framework; sourceTree = BUILT_PRODUCTS_DIR; };
		B6465AE799E0142DA342FE04 /* Pods-MeditationAppShowcaseTests.debug.xcconfig */ = {isa = PBXFileReference; includeInIndex = 1; lastKnownFileType = text.xcconfig; name = "Pods-MeditationAppShowcaseTests.debug.xcconfig"; path = "Pods/Target Support Files/Pods-MeditationAppShowcaseTests/Pods-MeditationAppShowcaseTests.debug.xcconfig"; sourceTree = "<group>"; };
		BDED701BD88F56CBFF584304 /* Pods-MeditationAppShowcase.debug.xcconfig */ = {isa = PBXFileReference; includeInIndex = 1; lastKnownFileType = text.xcconfig; name = "Pods-MeditationAppShowcase.debug.xcconfig"; path = "Pods/Target Support Files/Pods-MeditationAppShowcase/Pods-MeditationAppShowcase.debug.xcconfig"; sourceTree = "<group>"; };
		C85F48EB171E7D52BD46EF8B /* Pods-MeditationAppShowcase.release.xcconfig */ = {isa = PBXFileReference; includeInIndex = 1; lastKnownFileType = text.xcconfig; name = "Pods-MeditationAppShowcase.release.xcconfig"; path = "Pods/Target Support Files/Pods-MeditationAppShowcase/Pods-MeditationAppShowcase.release.xcconfig"; sourceTree = "<group>"; };
		CDF00DA98E19AD68FF52853B /* Pods_MeditationAppShowcaseTests.framework */ = {isa = PBXFileReference; explicitFileType = wrapper.framework; includeInIndex = 0; path = Pods_MeditationAppShowcaseTests.framework; sourceTree = BUILT_PRODUCTS_DIR; };
/* End PBXFileReference section */

/* Begin PBXFrameworksBuildPhase section */
		06248E23220DE150006525F5 /* Frameworks */ = {
			isa = PBXFrameworksBuildPhase;
			buildActionMask = 2147483647;
			files = (
				4D95063E05FFE6287D43A500 /* Pods_MeditationAppShowcaseTests.framework in Frameworks */,
			);
			runOnlyForDeploymentPostprocessing = 0;
		};
		06A71A722201F2A1001DE399 /* Frameworks */ = {
			isa = PBXFrameworksBuildPhase;
			buildActionMask = 2147483647;
			files = (
				B51F7A919D522D3A1ADF4AE6 /* Pods_MeditationAppShowcase.framework in Frameworks */,
			);
			runOnlyForDeploymentPostprocessing = 0;
		};
/* End PBXFrameworksBuildPhase section */

/* Begin PBXGroup section */
		06248E27220DE150006525F5 /* MeditationAppShowcaseTests */ = {
			isa = PBXGroup;
			children = (
				06248E30220DE1CE006525F5 /* Screens */,
				06248E2A220DE150006525F5 /* Info.plist */,
			);
			path = MeditationAppShowcaseTests;
			sourceTree = "<group>";
		};
		06248E30220DE1CE006525F5 /* Screens */ = {
			isa = PBXGroup;
			children = (
				06248E31220DE1D9006525F5 /* Home */,
			);
			path = Screens;
			sourceTree = "<group>";
		};
		06248E31220DE1D9006525F5 /* Home */ = {
			isa = PBXGroup;
			children = (
				06248E32220DE276006525F5 /* HomeViewModelTests.swift */,
			);
			path = Home;
			sourceTree = "<group>";
		};
		0625D2612214218100F13B30 /* SongPicker */ = {
			isa = PBXGroup;
			children = (
				062022D022135030008DFECD /* SongPickerViewCell.swift */,
				0625D25F221420F800F13B30 /* SongPickerViewModel.swift */,
			);
			path = SongPicker;
			sourceTree = "<group>";
		};
		062FD75E220896DD00E237DA /* Commons */ = {
			isa = PBXGroup;
			children = (
				069A83922212032100D3E223 /* Presenters */,
				062FD75F2208976900E237DA /* NotificationHandler.swift */,
				062FD7702208A5C900E237DA /* GradientView.swift */,
				062FD7722208A6F800E237DA /* Color_Hex.swift */,
				060679F2220C8FCE00D6A3FE /* SketchShadow.swift */,
				06248E34220DEF39006525F5 /* ActionButton.swift */,
				062022CC221301EA008DFECD /* ActionButtonConfigurator.swift */,
			);
			path = Commons;
			sourceTree = "<group>";
		};
		069A838D2211FC1B00D3E223 /* Meditation */ = {
			isa = PBXGroup;
			children = (
				0625D2612214218100F13B30 /* SongPicker */,
				069A838E2211FC8100D3E223 /* MeditationViewController.swift */,
				069A83902211FF9800D3E223 /* MeditationView.swift */,
				062022CE2213365D008DFECD /* NavigationView.swift */,
			);
			path = Meditation;
			sourceTree = "<group>";
		};
		069A83922212032100D3E223 /* Presenters */ = {
			isa = PBXGroup;
			children = (
				069A83932212033600D3E223 /* ViewControllerPresenter.swift */,
			);
			path = Presenters;
			sourceTree = "<group>";
		};
		06A71A6C2201F2A1001DE399 = {
			isa = PBXGroup;
			children = (
				06A71A772201F2A1001DE399 /* MeditationAppShowcase */,
				06248E27220DE150006525F5 /* MeditationAppShowcaseTests */,
				06A71A762201F2A1001DE399 /* Products */,
				06A71A922201F946001DE399 /* Default-568h@2x.png */,
				5816F91E5DD055EA95DA51C7 /* Pods */,
				9ECAB40E3B2CF84718114382 /* Frameworks */,
			);
			sourceTree = "<group>";
		};
		06A71A762201F2A1001DE399 /* Products */ = {
			isa = PBXGroup;
			children = (
				06A71A752201F2A1001DE399 /* MeditationAppShowcase.app */,
				06248E26220DE150006525F5 /* MeditationAppShowcaseTests.xctest */,
			);
			name = Products;
			sourceTree = "<group>";
		};
		06A71A772201F2A1001DE399 /* MeditationAppShowcase */ = {
			isa = PBXGroup;
			children = (
				062FD75E220896DD00E237DA /* Commons */,
				06A71A8A2201F554001DE399 /* Container */,
				06A71A8F2201F6EF001DE399 /* Resources */,
				06A71A8D2201F6BB001DE399 /* Screens */,
				06A71A782201F2A1001DE399 /* AppDelegate.swift */,
			);
			path = MeditationAppShowcase;
			sourceTree = "<group>";
		};
		06A71A8A2201F554001DE399 /* Container */ = {
			isa = PBXGroup;
			children = (
				06A71A8B2201F59F001DE399 /* Container.swift */,
				06A71A902201F7A1001DE399 /* Container_Home.swift */,
				062022C82212F8DE008DFECD /* Container_Meditation.swift */,
				062022CA2212FD96008DFECD /* Container_Commons.swift */,
			);
			path = Container;
			sourceTree = "<group>";
		};
		06A71A8D2201F6BB001DE399 /* Screens */ = {
			isa = PBXGroup;
			children = (
				069A838D2211FC1B00D3E223 /* Meditation */,
				06A71A8E2201F6C8001DE399 /* Home */,
			);
			path = Screens;
			sourceTree = "<group>";
		};
		06A71A8E2201F6C8001DE399 /* Home */ = {
			isa = PBXGroup;
			children = (
				06A71A7A2201F2A1001DE399 /* HomeViewController.swift */,
				06A71A9422020874001DE399 /* HomeViewModel.swift */,
				06A71A96220213E2001DE399 /* HomeView.swift */,
				06248E20220DCA5C006525F5 /* HomeBoardView.swift */,
				069A83952212087E00D3E223 /* HomeView_Dismission.swift */,
			);
			path = Home;
			sourceTree = "<group>";
		};
		06A71A8F2201F6EF001DE399 /* Resources */ = {
			isa = PBXGroup;
			children = (
				06A71A7F2201F2A3001DE399 /* Assets.xcassets */,
				06A71A842201F2A3001DE399 /* Info.plist */,
				06A71A812201F2A3001DE399 /* LaunchScreen.storyboard */,
			);
			path = Resources;
			sourceTree = "<group>";
		};
		5816F91E5DD055EA95DA51C7 /* Pods */ = {
			isa = PBXGroup;
			children = (
				BDED701BD88F56CBFF584304 /* Pods-MeditationAppShowcase.debug.xcconfig */,
				C85F48EB171E7D52BD46EF8B /* Pods-MeditationAppShowcase.release.xcconfig */,
				B6465AE799E0142DA342FE04 /* Pods-MeditationAppShowcaseTests.debug.xcconfig */,
				1BD22306F69433F7625D32A0 /* Pods-MeditationAppShowcaseTests.release.xcconfig */,
			);
			name = Pods;
			sourceTree = "<group>";
		};
		9ECAB40E3B2CF84718114382 /* Frameworks */ = {
			isa = PBXGroup;
			children = (
				A0AA68E81A1442D09C0598E3 /* Pods_MeditationAppShowcase.framework */,
				CDF00DA98E19AD68FF52853B /* Pods_MeditationAppShowcaseTests.framework */,
			);
			name = Frameworks;
			sourceTree = "<group>";
		};
/* End PBXGroup section */

/* Begin PBXNativeTarget section */
		06248E25220DE150006525F5 /* MeditationAppShowcaseTests */ = {
			isa = PBXNativeTarget;
			buildConfigurationList = 06248E2D220DE150006525F5 /* Build configuration list for PBXNativeTarget "MeditationAppShowcaseTests" */;
			buildPhases = (
				BC8698F766DFF091B65A7B80 /* [CP] Check Pods Manifest.lock */,
				06248E22220DE150006525F5 /* Sources */,
				06248E23220DE150006525F5 /* Frameworks */,
				06248E24220DE150006525F5 /* Resources */,
			);
			buildRules = (
			);
			dependencies = (
				06248E2C220DE150006525F5 /* PBXTargetDependency */,
			);
			name = MeditationAppShowcaseTests;
			productName = MeditationAppShowcaseTests;
			productReference = 06248E26220DE150006525F5 /* MeditationAppShowcaseTests.xctest */;
			productType = "com.apple.product-type.bundle.unit-test";
		};
		06A71A742201F2A1001DE399 /* MeditationAppShowcase */ = {
			isa = PBXNativeTarget;
			buildConfigurationList = 06A71A872201F2A3001DE399 /* Build configuration list for PBXNativeTarget "MeditationAppShowcase" */;
			buildPhases = (
				823DB1EE154F605A8D7329C3 /* [CP] Check Pods Manifest.lock */,
				06A71A712201F2A1001DE399 /* Sources */,
				06A71A722201F2A1001DE399 /* Frameworks */,
				06A71A732201F2A1001DE399 /* Resources */,
				069A838C2211E1EC00D3E223 /* Swiftlint */,
			);
			buildRules = (
			);
			dependencies = (
			);
			name = MeditationAppShowcase;
			productName = MeditationAppShowcase;
			productReference = 06A71A752201F2A1001DE399 /* MeditationAppShowcase.app */;
			productType = "com.apple.product-type.application";
		};
/* End PBXNativeTarget section */

/* Begin PBXProject section */
		06A71A6D2201F2A1001DE399 /* Project object */ = {
			isa = PBXProject;
			attributes = {
				LastSwiftUpdateCheck = 1010;
				LastUpgradeCheck = 1010;
				ORGANIZATIONNAME = "Bartlomiej Guminiak";
				TargetAttributes = {
					06248E25220DE150006525F5 = {
						CreatedOnToolsVersion = 10.1;
						LastSwiftMigration = 1010;
						TestTargetID = 06A71A742201F2A1001DE399;
					};
					06A71A742201F2A1001DE399 = {
						CreatedOnToolsVersion = 10.1;
					};
				};
			};
			buildConfigurationList = 06A71A702201F2A1001DE399 /* Build configuration list for PBXProject "MeditationAppShowcase" */;
			compatibilityVersion = "Xcode 9.3";
			developmentRegion = en;
			hasScannedForEncodings = 0;
			knownRegions = (
				en,
				Base,
			);
			mainGroup = 06A71A6C2201F2A1001DE399;
			productRefGroup = 06A71A762201F2A1001DE399 /* Products */;
			projectDirPath = "";
			projectRoot = "";
			targets = (
				06A71A742201F2A1001DE399 /* MeditationAppShowcase */,
				06248E25220DE150006525F5 /* MeditationAppShowcaseTests */,
			);
		};
/* End PBXProject section */

/* Begin PBXResourcesBuildPhase section */
		06248E24220DE150006525F5 /* Resources */ = {
			isa = PBXResourcesBuildPhase;
			buildActionMask = 2147483647;
			files = (
			);
			runOnlyForDeploymentPostprocessing = 0;
		};
		06A71A732201F2A1001DE399 /* Resources */ = {
			isa = PBXResourcesBuildPhase;
			buildActionMask = 2147483647;
			files = (
				06A71A832201F2A3001DE399 /* LaunchScreen.storyboard in Resources */,
				06A71A802201F2A3001DE399 /* Assets.xcassets in Resources */,
				06A71A932201F946001DE399 /* Default-568h@2x.png in Resources */,
			);
			runOnlyForDeploymentPostprocessing = 0;
		};
/* End PBXResourcesBuildPhase section */

/* Begin PBXShellScriptBuildPhase section */
		069A838C2211E1EC00D3E223 /* Swiftlint */ = {
			isa = PBXShellScriptBuildPhase;
			buildActionMask = 2147483647;
			files = (
			);
			inputFileListPaths = (
			);
			inputPaths = (
			);
			name = Swiftlint;
			outputFileListPaths = (
			);
			outputPaths = (
			);
			runOnlyForDeploymentPostprocessing = 0;
			shellPath = /bin/sh;
			shellScript = "${PODS_ROOT}/SwiftLint/swiftlint\n";
		};
		823DB1EE154F605A8D7329C3 /* [CP] Check Pods Manifest.lock */ = {
			isa = PBXShellScriptBuildPhase;
			buildActionMask = 2147483647;
			files = (
			);
			inputFileListPaths = (
			);
			inputPaths = (
				"${PODS_PODFILE_DIR_PATH}/Podfile.lock",
				"${PODS_ROOT}/Manifest.lock",
			);
			name = "[CP] Check Pods Manifest.lock";
			outputFileListPaths = (
			);
			outputPaths = (
				"$(DERIVED_FILE_DIR)/Pods-MeditationAppShowcase-checkManifestLockResult.txt",
			);
			runOnlyForDeploymentPostprocessing = 0;
			shellPath = /bin/sh;
			shellScript = "diff \"${PODS_PODFILE_DIR_PATH}/Podfile.lock\" \"${PODS_ROOT}/Manifest.lock\" > /dev/null\nif [ $? != 0 ] ; then\n    # print error to STDERR\n    echo \"error: The sandbox is not in sync with the Podfile.lock. Run 'pod install' or update your CocoaPods installation.\" >&2\n    exit 1\nfi\n# This output is used by Xcode 'outputs' to avoid re-running this script phase.\necho \"SUCCESS\" > \"${SCRIPT_OUTPUT_FILE_0}\"\n";
			showEnvVarsInLog = 0;
		};
		BC8698F766DFF091B65A7B80 /* [CP] Check Pods Manifest.lock */ = {
			isa = PBXShellScriptBuildPhase;
			buildActionMask = 2147483647;
			files = (
			);
			inputFileListPaths = (
			);
			inputPaths = (
				"${PODS_PODFILE_DIR_PATH}/Podfile.lock",
				"${PODS_ROOT}/Manifest.lock",
			);
			name = "[CP] Check Pods Manifest.lock";
			outputFileListPaths = (
			);
			outputPaths = (
				"$(DERIVED_FILE_DIR)/Pods-MeditationAppShowcaseTests-checkManifestLockResult.txt",
			);
			runOnlyForDeploymentPostprocessing = 0;
			shellPath = /bin/sh;
			shellScript = "diff \"${PODS_PODFILE_DIR_PATH}/Podfile.lock\" \"${PODS_ROOT}/Manifest.lock\" > /dev/null\nif [ $? != 0 ] ; then\n    # print error to STDERR\n    echo \"error: The sandbox is not in sync with the Podfile.lock. Run 'pod install' or update your CocoaPods installation.\" >&2\n    exit 1\nfi\n# This output is used by Xcode 'outputs' to avoid re-running this script phase.\necho \"SUCCESS\" > \"${SCRIPT_OUTPUT_FILE_0}\"\n";
			showEnvVarsInLog = 0;
		};
/* End PBXShellScriptBuildPhase section */

/* Begin PBXSourcesBuildPhase section */
		06248E22220DE150006525F5 /* Sources */ = {
			isa = PBXSourcesBuildPhase;
			buildActionMask = 2147483647;
			files = (
				06248E33220DE276006525F5 /* HomeViewModelTests.swift in Sources */,
			);
			runOnlyForDeploymentPostprocessing = 0;
		};
		06A71A712201F2A1001DE399 /* Sources */ = {
			isa = PBXSourcesBuildPhase;
			buildActionMask = 2147483647;
			files = (
				06A71A7B2201F2A1001DE399 /* HomeViewController.swift in Sources */,
				069A838F2211FC8100D3E223 /* MeditationViewController.swift in Sources */,
				062022CF2213365D008DFECD /* NavigationView.swift in Sources */,
				069A83912211FF9800D3E223 /* MeditationView.swift in Sources */,
				069A83942212033600D3E223 /* ViewControllerPresenter.swift in Sources */,
				060679F3220C8FCE00D6A3FE /* SketchShadow.swift in Sources */,
				062FD7732208A6F800E237DA /* Color_Hex.swift in Sources */,
				06A71A8C2201F59F001DE399 /* Container.swift in Sources */,
				062FD7602208976900E237DA /* NotificationHandler.swift in Sources */,
				06A71A912201F7A1001DE399 /* Container_Home.swift in Sources */,
				069A83962212087E00D3E223 /* HomeView_Dismission.swift in Sources */,
				062022D122135030008DFECD /* SongPickerViewCell.swift in Sources */,
				06A71A97220213E2001DE399 /* HomeView.swift in Sources */,
				06248E21220DCA5C006525F5 /* HomeBoardView.swift in Sources */,
				062022CD221301EA008DFECD /* ActionButtonConfigurator.swift in Sources */,
				06A71A9522020874001DE399 /* HomeViewModel.swift in Sources */,
				06A71A792201F2A1001DE399 /* AppDelegate.swift in Sources */,
				062022C92212F8DE008DFECD /* Container_Meditation.swift in Sources */,
				062FD7712208A5C900E237DA /* GradientView.swift in Sources */,
				062022CB2212FD96008DFECD /* Container_Commons.swift in Sources */,
				06248E35220DEF39006525F5 /* ActionButton.swift in Sources */,
				0625D260221420F800F13B30 /* SongPickerViewModel.swift in Sources */,
			);
			runOnlyForDeploymentPostprocessing = 0;
		};
/* End PBXSourcesBuildPhase section */

/* Begin PBXTargetDependency section */
		06248E2C220DE150006525F5 /* PBXTargetDependency */ = {
			isa = PBXTargetDependency;
			target = 06A71A742201F2A1001DE399 /* MeditationAppShowcase */;
			targetProxy = 06248E2B220DE150006525F5 /* PBXContainerItemProxy */;
		};
/* End PBXTargetDependency section */

/* Begin PBXVariantGroup section */
		06A71A812201F2A3001DE399 /* LaunchScreen.storyboard */ = {
			isa = PBXVariantGroup;
			children = (
				06A71A822201F2A3001DE399 /* Base */,
			);
			name = LaunchScreen.storyboard;
			path = .;
			sourceTree = "<group>";
		};
/* End PBXVariantGroup section */

/* Begin XCBuildConfiguration section */
		06248E2E220DE150006525F5 /* Debug */ = {
			isa = XCBuildConfiguration;
			baseConfigurationReference = B6465AE799E0142DA342FE04 /* Pods-MeditationAppShowcaseTests.debug.xcconfig */;
			buildSettings = {
				BUNDLE_LOADER = "$(TEST_HOST)";
				CLANG_ENABLE_MODULES = YES;
				CODE_SIGN_STYLE = Manual;
				DEVELOPMENT_TEAM = "";
				INFOPLIST_FILE = MeditationAppShowcaseTests/Info.plist;
				LD_RUNPATH_SEARCH_PATHS = (
					"$(inherited)",
					"@executable_path/Frameworks",
					"@loader_path/Frameworks",
				);
				PRODUCT_BUNDLE_IDENTIFIER = pl.elpassion.customMessage.MeditationAppShowcaseTests;
				PRODUCT_NAME = "$(TARGET_NAME)";
				PROVISIONING_PROFILE_SPECIFIER = "";
				SWIFT_OPTIMIZATION_LEVEL = "-Onone";
				SWIFT_VERSION = 4.2;
				TARGETED_DEVICE_FAMILY = "1,2";
				TEST_HOST = "$(BUILT_PRODUCTS_DIR)/MeditationAppShowcase.app/MeditationAppShowcase";
			};
			name = Debug;
		};
		06248E2F220DE150006525F5 /* Release */ = {
			isa = XCBuildConfiguration;
			baseConfigurationReference = 1BD22306F69433F7625D32A0 /* Pods-MeditationAppShowcaseTests.release.xcconfig */;
			buildSettings = {
				BUNDLE_LOADER = "$(TEST_HOST)";
				CLANG_ENABLE_MODULES = YES;
				CODE_SIGN_STYLE = Manual;
				DEVELOPMENT_TEAM = "";
				INFOPLIST_FILE = MeditationAppShowcaseTests/Info.plist;
				LD_RUNPATH_SEARCH_PATHS = (
					"$(inherited)",
					"@executable_path/Frameworks",
					"@loader_path/Frameworks",
				);
				PRODUCT_BUNDLE_IDENTIFIER = pl.elpassion.customMessage.MeditationAppShowcaseTests;
				PRODUCT_NAME = "$(TARGET_NAME)";
				PROVISIONING_PROFILE_SPECIFIER = "";
				SWIFT_VERSION = 4.2;
				TARGETED_DEVICE_FAMILY = "1,2";
				TEST_HOST = "$(BUILT_PRODUCTS_DIR)/MeditationAppShowcase.app/MeditationAppShowcase";
			};
			name = Release;
		};
		06A71A852201F2A3001DE399 /* Debug */ = {
			isa = XCBuildConfiguration;
			buildSettings = {
				ALWAYS_SEARCH_USER_PATHS = NO;
				CLANG_ANALYZER_NONNULL = YES;
				CLANG_ANALYZER_NUMBER_OBJECT_CONVERSION = YES_AGGRESSIVE;
				CLANG_CXX_LANGUAGE_STANDARD = "gnu++14";
				CLANG_CXX_LIBRARY = "libc++";
				CLANG_ENABLE_MODULES = YES;
				CLANG_ENABLE_OBJC_ARC = YES;
				CLANG_ENABLE_OBJC_WEAK = YES;
				CLANG_WARN_BLOCK_CAPTURE_AUTORELEASING = YES;
				CLANG_WARN_BOOL_CONVERSION = YES;
				CLANG_WARN_COMMA = YES;
				CLANG_WARN_CONSTANT_CONVERSION = YES;
				CLANG_WARN_DEPRECATED_OBJC_IMPLEMENTATIONS = YES;
				CLANG_WARN_DIRECT_OBJC_ISA_USAGE = YES_ERROR;
				CLANG_WARN_DOCUMENTATION_COMMENTS = YES;
				CLANG_WARN_EMPTY_BODY = YES;
				CLANG_WARN_ENUM_CONVERSION = YES;
				CLANG_WARN_INFINITE_RECURSION = YES;
				CLANG_WARN_INT_CONVERSION = YES;
				CLANG_WARN_NON_LITERAL_NULL_CONVERSION = YES;
				CLANG_WARN_OBJC_IMPLICIT_RETAIN_SELF = YES;
				CLANG_WARN_OBJC_LITERAL_CONVERSION = YES;
				CLANG_WARN_OBJC_ROOT_CLASS = YES_ERROR;
				CLANG_WARN_RANGE_LOOP_ANALYSIS = YES;
				CLANG_WARN_STRICT_PROTOTYPES = YES;
				CLANG_WARN_SUSPICIOUS_MOVE = YES;
				CLANG_WARN_UNGUARDED_AVAILABILITY = YES_AGGRESSIVE;
				CLANG_WARN_UNREACHABLE_CODE = YES;
				CLANG_WARN__DUPLICATE_METHOD_MATCH = YES;
				CODE_SIGN_IDENTITY = "iPhone Developer";
				COPY_PHASE_STRIP = NO;
				DEBUG_INFORMATION_FORMAT = dwarf;
				ENABLE_STRICT_OBJC_MSGSEND = YES;
				ENABLE_TESTABILITY = YES;
				GCC_C_LANGUAGE_STANDARD = gnu11;
				GCC_DYNAMIC_NO_PIC = NO;
				GCC_NO_COMMON_BLOCKS = YES;
				GCC_OPTIMIZATION_LEVEL = 0;
				GCC_PREPROCESSOR_DEFINITIONS = (
					"DEBUG=1",
					"$(inherited)",
				);
				GCC_WARN_64_TO_32_BIT_CONVERSION = YES;
				GCC_WARN_ABOUT_RETURN_TYPE = YES_ERROR;
				GCC_WARN_UNDECLARED_SELECTOR = YES;
				GCC_WARN_UNINITIALIZED_AUTOS = YES_AGGRESSIVE;
				GCC_WARN_UNUSED_FUNCTION = YES;
				GCC_WARN_UNUSED_VARIABLE = YES;
				IPHONEOS_DEPLOYMENT_TARGET = 12.1;
				MTL_ENABLE_DEBUG_INFO = INCLUDE_SOURCE;
				MTL_FAST_MATH = YES;
				ONLY_ACTIVE_ARCH = YES;
				SDKROOT = iphoneos;
				SWIFT_ACTIVE_COMPILATION_CONDITIONS = DEBUG;
				SWIFT_OPTIMIZATION_LEVEL = "-Onone";
			};
			name = Debug;
		};
		06A71A862201F2A3001DE399 /* Release */ = {
			isa = XCBuildConfiguration;
			buildSettings = {
				ALWAYS_SEARCH_USER_PATHS = NO;
				CLANG_ANALYZER_NONNULL = YES;
				CLANG_ANALYZER_NUMBER_OBJECT_CONVERSION = YES_AGGRESSIVE;
				CLANG_CXX_LANGUAGE_STANDARD = "gnu++14";
				CLANG_CXX_LIBRARY = "libc++";
				CLANG_ENABLE_MODULES = YES;
				CLANG_ENABLE_OBJC_ARC = YES;
				CLANG_ENABLE_OBJC_WEAK = YES;
				CLANG_WARN_BLOCK_CAPTURE_AUTORELEASING = YES;
				CLANG_WARN_BOOL_CONVERSION = YES;
				CLANG_WARN_COMMA = YES;
				CLANG_WARN_CONSTANT_CONVERSION = YES;
				CLANG_WARN_DEPRECATED_OBJC_IMPLEMENTATIONS = YES;
				CLANG_WARN_DIRECT_OBJC_ISA_USAGE = YES_ERROR;
				CLANG_WARN_DOCUMENTATION_COMMENTS = YES;
				CLANG_WARN_EMPTY_BODY = YES;
				CLANG_WARN_ENUM_CONVERSION = YES;
				CLANG_WARN_INFINITE_RECURSION = YES;
				CLANG_WARN_INT_CONVERSION = YES;
				CLANG_WARN_NON_LITERAL_NULL_CONVERSION = YES;
				CLANG_WARN_OBJC_IMPLICIT_RETAIN_SELF = YES;
				CLANG_WARN_OBJC_LITERAL_CONVERSION = YES;
				CLANG_WARN_OBJC_ROOT_CLASS = YES_ERROR;
				CLANG_WARN_RANGE_LOOP_ANALYSIS = YES;
				CLANG_WARN_STRICT_PROTOTYPES = YES;
				CLANG_WARN_SUSPICIOUS_MOVE = YES;
				CLANG_WARN_UNGUARDED_AVAILABILITY = YES_AGGRESSIVE;
				CLANG_WARN_UNREACHABLE_CODE = YES;
				CLANG_WARN__DUPLICATE_METHOD_MATCH = YES;
				CODE_SIGN_IDENTITY = "iPhone Developer";
				COPY_PHASE_STRIP = NO;
				DEBUG_INFORMATION_FORMAT = "dwarf-with-dsym";
				ENABLE_NS_ASSERTIONS = NO;
				ENABLE_STRICT_OBJC_MSGSEND = YES;
				GCC_C_LANGUAGE_STANDARD = gnu11;
				GCC_NO_COMMON_BLOCKS = YES;
				GCC_WARN_64_TO_32_BIT_CONVERSION = YES;
				GCC_WARN_ABOUT_RETURN_TYPE = YES_ERROR;
				GCC_WARN_UNDECLARED_SELECTOR = YES;
				GCC_WARN_UNINITIALIZED_AUTOS = YES_AGGRESSIVE;
				GCC_WARN_UNUSED_FUNCTION = YES;
				GCC_WARN_UNUSED_VARIABLE = YES;
				IPHONEOS_DEPLOYMENT_TARGET = 12.1;
				MTL_ENABLE_DEBUG_INFO = NO;
				MTL_FAST_MATH = YES;
				SDKROOT = iphoneos;
				SWIFT_COMPILATION_MODE = wholemodule;
				SWIFT_OPTIMIZATION_LEVEL = "-O";
				VALIDATE_PRODUCT = YES;
			};
			name = Release;
		};
		06A71A882201F2A3001DE399 /* Debug */ = {
			isa = XCBuildConfiguration;
			baseConfigurationReference = BDED701BD88F56CBFF584304 /* Pods-MeditationAppShowcase.debug.xcconfig */;
			buildSettings = {
				ASSETCATALOG_COMPILER_APPICON_NAME = AppIcon;
				CODE_SIGN_STYLE = Manual;
				DEVELOPMENT_TEAM = "";
				INFOPLIST_FILE = "$(SRCROOT)/MeditationAppShowcase/Resources/Info.plist";
				LD_RUNPATH_SEARCH_PATHS = (
					"$(inherited)",
					"@executable_path/Frameworks",
				);
				PRODUCT_BUNDLE_IDENTIFIER = pl.meditationapp.MeditationAppShowcase;
				PRODUCT_NAME = "$(TARGET_NAME)";
				PROVISIONING_PROFILE_SPECIFIER = "";
				SWIFT_VERSION = 4.2;
				TARGETED_DEVICE_FAMILY = "1,2";
			};
			name = Debug;
		};
		06A71A892201F2A3001DE399 /* Release */ = {
			isa = XCBuildConfiguration;
			baseConfigurationReference = C85F48EB171E7D52BD46EF8B /* Pods-MeditationAppShowcase.release.xcconfig */;
			buildSettings = {
				ASSETCATALOG_COMPILER_APPICON_NAME = AppIcon;
				CODE_SIGN_STYLE = Manual;
				DEVELOPMENT_TEAM = "";
				INFOPLIST_FILE = "$(SRCROOT)/MeditationAppShowcase/Resources/Info.plist";
				LD_RUNPATH_SEARCH_PATHS = (
					"$(inherited)",
					"@executable_path/Frameworks",
				);
				PRODUCT_BUNDLE_IDENTIFIER = pl.meditationapp.MeditationAppShowcase;
				PRODUCT_NAME = "$(TARGET_NAME)";
				PROVISIONING_PROFILE_SPECIFIER = "";
				SWIFT_VERSION = 4.2;
				TARGETED_DEVICE_FAMILY = "1,2";
			};
			name = Release;
		};
/* End XCBuildConfiguration section */

/* Begin XCConfigurationList section */
		06248E2D220DE150006525F5 /* Build configuration list for PBXNativeTarget "MeditationAppShowcaseTests" */ = {
			isa = XCConfigurationList;
			buildConfigurations = (
				06248E2E220DE150006525F5 /* Debug */,
				06248E2F220DE150006525F5 /* Release */,
			);
			defaultConfigurationIsVisible = 0;
			defaultConfigurationName = Release;
		};
		06A71A702201F2A1001DE399 /* Build configuration list for PBXProject "MeditationAppShowcase" */ = {
			isa = XCConfigurationList;
			buildConfigurations = (
				06A71A852201F2A3001DE399 /* Debug */,
				06A71A862201F2A3001DE399 /* Release */,
			);
			defaultConfigurationIsVisible = 0;
			defaultConfigurationName = Release;
		};
		06A71A872201F2A3001DE399 /* Build configuration list for PBXNativeTarget "MeditationAppShowcase" */ = {
			isa = XCConfigurationList;
			buildConfigurations = (
				06A71A882201F2A3001DE399 /* Debug */,
				06A71A892201F2A3001DE399 /* Release */,
			);
			defaultConfigurationIsVisible = 0;
			defaultConfigurationName = Release;
		};
/* End XCConfigurationList section */
	};
	rootObject = 06A71A6D2201F2A1001DE399 /* Project object */;
}
