// !$*UTF8*$!
{
	archiveVersion = 1;
	classes = {
	};
	objectVersion = 51;
	objects = {

/* Begin PBXBuildFile section */
		0604A603222491BF00D40DC2 /* SongInteractiveView+Height.swift in Sources */ = {isa = PBXBuildFile; fileRef = 0604A602222491BF00D40DC2 /* SongInteractiveView+Height.swift */; };
		060679F3220C8FCE00D6A3FE /* SketchShadow.swift in Sources */ = {isa = PBXBuildFile; fileRef = 060679F2220C8FCE00D6A3FE /* SketchShadow.swift */; };
		062022C92212F8DE008DFECD /* Container+Meditation.swift in Sources */ = {isa = PBXBuildFile; fileRef = 062022C82212F8DE008DFECD /* Container+Meditation.swift */; };
		062022CD221301EA008DFECD /* AppConfigurator.swift in Sources */ = {isa = PBXBuildFile; fileRef = 062022CC221301EA008DFECD /* AppConfigurator.swift */; };
		062022CF2213365D008DFECD /* NavigationView.swift in Sources */ = {isa = PBXBuildFile; fileRef = 062022CE2213365D008DFECD /* NavigationView.swift */; };
		062022D122135030008DFECD /* SongViewCell.swift in Sources */ = {isa = PBXBuildFile; fileRef = 062022D022135030008DFECD /* SongViewCell.swift */; };
		06248E21220DCA5C006525F5 /* HomeBoardView.swift in Sources */ = {isa = PBXBuildFile; fileRef = 06248E20220DCA5C006525F5 /* HomeBoardView.swift */; };
		06248E35220DEF39006525F5 /* ActionControl.swift in Sources */ = {isa = PBXBuildFile; fileRef = 06248E34220DEF39006525F5 /* ActionControl.swift */; };
		0625D260221420F800F13B30 /* SongViewModel.swift in Sources */ = {isa = PBXBuildFile; fileRef = 0625D25F221420F800F13B30 /* SongViewModel.swift */; };
		0625D263221421BF00F13B30 /* MeditationViewModel.swift in Sources */ = {isa = PBXBuildFile; fileRef = 0625D262221421BF00F13B30 /* MeditationViewModel.swift */; };
		0625D265221433C800F13B30 /* CheckBoxView.swift in Sources */ = {isa = PBXBuildFile; fileRef = 0625D264221433C800F13B30 /* CheckBoxView.swift */; };
		0625D2672214536500F13B30 /* MeditationViewModel+Data.swift in Sources */ = {isa = PBXBuildFile; fileRef = 0625D2662214536500F13B30 /* MeditationViewModel+Data.swift */; };
		062FD7602208976900E237DA /* NotificationHandling.swift in Sources */ = {isa = PBXBuildFile; fileRef = 062FD75F2208976900E237DA /* NotificationHandling.swift */; };
		062FD7712208A5C900E237DA /* GradientView.swift in Sources */ = {isa = PBXBuildFile; fileRef = 062FD7702208A5C900E237DA /* GradientView.swift */; };
		062FD7732208A6F800E237DA /* UIColor+Hex.swift in Sources */ = {isa = PBXBuildFile; fileRef = 062FD7722208A6F800E237DA /* UIColor+Hex.swift */; };
		06325AAF221D1E1D00418954 /* TabBarViewController.swift in Sources */ = {isa = PBXBuildFile; fileRef = 06325AAE221D1E1D00418954 /* TabBarViewController.swift */; };
		06325AB1221D1F1100418954 /* TabBarView.swift in Sources */ = {isa = PBXBuildFile; fileRef = 06325AB0221D1F1100418954 /* TabBarView.swift */; };
		06325AB3221D22B200418954 /* TabBarViewModel.swift in Sources */ = {isa = PBXBuildFile; fileRef = 06325AB2221D22B200418954 /* TabBarViewModel.swift */; };
		06325AB5221D26AC00418954 /* Container+TabBar.swift in Sources */ = {isa = PBXBuildFile; fileRef = 06325AB4221D26AC00418954 /* Container+TabBar.swift */; };
		064E8E4B221ED2D70019EB1A /* UIViewController+Embedding.swift in Sources */ = {isa = PBXBuildFile; fileRef = 064E8E4A221ED2D70019EB1A /* UIViewController+Embedding.swift */; };
		064E8E4D221F011E0019EB1A /* SongInteractiveView+Resetting.swift in Sources */ = {isa = PBXBuildFile; fileRef = 064E8E4C221F011E0019EB1A /* SongInteractiveView+Resetting.swift */; };
		064E8E4F221F2B810019EB1A /* SongView+Playable.swift in Sources */ = {isa = PBXBuildFile; fileRef = 064E8E4E221F2B810019EB1A /* SongView+Playable.swift */; };
		0677959D2215D9C200A26913 /* ActionView+Mode.swift in Sources */ = {isa = PBXBuildFile; fileRef = 0677959C2215D9C200A26913 /* ActionView+Mode.swift */; };
		067A63EF221AB412001A20DF /* Animating+Convenience.swift in Sources */ = {isa = PBXBuildFile; fileRef = 067A63EE221AB412001A20DF /* Animating+Convenience.swift */; };
		067A63F1221ABD58001A20DF /* AppConfigurator+ActionViewControllerOperating.swift in Sources */ = {isa = PBXBuildFile; fileRef = 067A63F0221ABD58001A20DF /* AppConfigurator+ActionViewControllerOperating.swift */; };
		067A63F3221ADC86001A20DF /* MeditationView+Animating.swift in Sources */ = {isa = PBXBuildFile; fileRef = 067A63F2221ADC86001A20DF /* MeditationView+Animating.swift */; };
		067A63F5221AE13D001A20DF /* SongView.swift in Sources */ = {isa = PBXBuildFile; fileRef = 067A63F4221AE13D001A20DF /* SongView.swift */; };
		067A63F7221AE456001A20DF /* SongView+Selection.swift in Sources */ = {isa = PBXBuildFile; fileRef = 067A63F6221AE456001A20DF /* SongView+Selection.swift */; };
		067A63FA221B1188001A20DF /* CheckBoxView+Selection.swift in Sources */ = {isa = PBXBuildFile; fileRef = 067A63F9221B1188001A20DF /* CheckBoxView+Selection.swift */; };
		067A6400221B1444001A20DF /* SongInteractiveView.swift in Sources */ = {isa = PBXBuildFile; fileRef = 067A63FF221B1444001A20DF /* SongInteractiveView.swift */; };
		067A6402221B1791001A20DF /* UILayoutGuide+Helpers.swift in Sources */ = {isa = PBXBuildFile; fileRef = 067A6401221B1791001A20DF /* UILayoutGuide+Helpers.swift */; };
		067A6404221B1D4C001A20DF /* SongInteractiveView+Modes.swift in Sources */ = {isa = PBXBuildFile; fileRef = 067A6403221B1D4C001A20DF /* SongInteractiveView+Modes.swift */; };
		067A6406221B1F1C001A20DF /* SongInteractiveView+Animating.swift in Sources */ = {isa = PBXBuildFile; fileRef = 067A6405221B1F1C001A20DF /* SongInteractiveView+Animating.swift */; };
		06959544221823DE009F966A /* EventEmitter.swift in Sources */ = {isa = PBXBuildFile; fileRef = 06959543221823DE009F966A /* EventEmitter.swift */; };
		06959546221823F6009F966A /* Invocable.swift in Sources */ = {isa = PBXBuildFile; fileRef = 06959545221823F6009F966A /* Invocable.swift */; };
		0695954822182416009F966A /* Disposable.swift in Sources */ = {isa = PBXBuildFile; fileRef = 0695954722182416009F966A /* Disposable.swift */; };
		0695954A22182432009F966A /* Subscription.swift in Sources */ = {isa = PBXBuildFile; fileRef = 0695954922182432009F966A /* Subscription.swift */; };
		069A838F2211FC8100D3E223 /* MeditationViewController.swift in Sources */ = {isa = PBXBuildFile; fileRef = 069A838E2211FC8100D3E223 /* MeditationViewController.swift */; };
		069A83912211FF9800D3E223 /* MeditationView.swift in Sources */ = {isa = PBXBuildFile; fileRef = 069A83902211FF9800D3E223 /* MeditationView.swift */; };
		069A83942212033600D3E223 /* ViewControllerPresenter.swift in Sources */ = {isa = PBXBuildFile; fileRef = 069A83932212033600D3E223 /* ViewControllerPresenter.swift */; };
		069A83962212087E00D3E223 /* HomeView+Dismission.swift in Sources */ = {isa = PBXBuildFile; fileRef = 069A83952212087E00D3E223 /* HomeView+Dismission.swift */; };
		06A71A792201F2A1001DE399 /* AppDelegate.swift in Sources */ = {isa = PBXBuildFile; fileRef = 06A71A782201F2A1001DE399 /* AppDelegate.swift */; };
		06A71A7B2201F2A1001DE399 /* HomeViewController.swift in Sources */ = {isa = PBXBuildFile; fileRef = 06A71A7A2201F2A1001DE399 /* HomeViewController.swift */; };
		06A71A802201F2A3001DE399 /* Assets.xcassets in Resources */ = {isa = PBXBuildFile; fileRef = 06A71A7F2201F2A3001DE399 /* Assets.xcassets */; };
		06A71A832201F2A3001DE399 /* LaunchScreen.storyboard in Resources */ = {isa = PBXBuildFile; fileRef = 06A71A812201F2A3001DE399 /* LaunchScreen.storyboard */; };
		06A71A8C2201F59F001DE399 /* Container.swift in Sources */ = {isa = PBXBuildFile; fileRef = 06A71A8B2201F59F001DE399 /* Container.swift */; };
		06A71A912201F7A1001DE399 /* Container+Home.swift in Sources */ = {isa = PBXBuildFile; fileRef = 06A71A902201F7A1001DE399 /* Container+Home.swift */; };
		06A71A932201F946001DE399 /* Default-568h@2x.png in Resources */ = {isa = PBXBuildFile; fileRef = 06A71A922201F946001DE399 /* Default-568h@2x.png */; };
		06A71A9522020874001DE399 /* HomeViewModel.swift in Sources */ = {isa = PBXBuildFile; fileRef = 06A71A9422020874001DE399 /* HomeViewModel.swift */; };
		06A71A97220213E2001DE399 /* HomeView.swift in Sources */ = {isa = PBXBuildFile; fileRef = 06A71A96220213E2001DE399 /* HomeView.swift */; };
		06B41EAC222006E100C7F935 /* SongMode.swift in Sources */ = {isa = PBXBuildFile; fileRef = 06B41EAB222006E100C7F935 /* SongMode.swift */; };
		06B41EB022200E1500C7F935 /* SongViewCell+Modes.swift in Sources */ = {isa = PBXBuildFile; fileRef = 06B41EAF22200E1500C7F935 /* SongViewCell+Modes.swift */; };
		06B41EB22220276B00C7F935 /* MeditationScreenStateOperator.swift in Sources */ = {isa = PBXBuildFile; fileRef = 06B41EB12220276B00C7F935 /* MeditationScreenStateOperator.swift */; };
		06B41EB4222035BE00C7F935 /* SongModeEmitter.swift in Sources */ = {isa = PBXBuildFile; fileRef = 06B41EB3222035BE00C7F935 /* SongModeEmitter.swift */; };
		06B41EB622203C5700C7F935 /* SongManager.swift in Sources */ = {isa = PBXBuildFile; fileRef = 06B41EB522203C5700C7F935 /* SongManager.swift */; };
		06B5E37C2214801500004D09 /* ActionViewController.swift in Sources */ = {isa = PBXBuildFile; fileRef = 06B5E37B2214801500004D09 /* ActionViewController.swift */; };
		06B5E37E221480A900004D09 /* ActionViewController+Mode.swift in Sources */ = {isa = PBXBuildFile; fileRef = 06B5E37D221480A900004D09 /* ActionViewController+Mode.swift */; };
		06B5E38022148F9E00004D09 /* ActionView.swift in Sources */ = {isa = PBXBuildFile; fileRef = 06B5E37F22148F9E00004D09 /* ActionView.swift */; };
		06B5E38222149EFA00004D09 /* ActionViewController+Event.swift in Sources */ = {isa = PBXBuildFile; fileRef = 06B5E38122149EFA00004D09 /* ActionViewController+Event.swift */; };
		06B6E86E22187DA4005102C6 /* ActionEmitter.swift in Sources */ = {isa = PBXBuildFile; fileRef = 06B6E86D22187DA4005102C6 /* ActionEmitter.swift */; };
		06B6E870221885EB005102C6 /* ActionViewModel.swift in Sources */ = {isa = PBXBuildFile; fileRef = 06B6E86F221885EB005102C6 /* ActionViewModel.swift */; };
		06F8933D221976F100EFC626 /* Animator.swift in Sources */ = {isa = PBXBuildFile; fileRef = 06F8933C221976F100EFC626 /* Animator.swift */; };
		06FD1C002215AB130075A6C1 /* AppViewControllersFactory.swift in Sources */ = {isa = PBXBuildFile; fileRef = 06FD1BFF2215AB130075A6C1 /* AppViewControllersFactory.swift */; };
		06FD1C022215B5CB0075A6C1 /* Container+Configurator.swift in Sources */ = {isa = PBXBuildFile; fileRef = 06FD1C012215B5CB0075A6C1 /* Container+Configurator.swift */; };
		06FD1C042215B6B60075A6C1 /* Container+ActionController.swift in Sources */ = {isa = PBXBuildFile; fileRef = 06FD1C032215B6B60075A6C1 /* Container+ActionController.swift */; };
		06FD1C062215BE3D0075A6C1 /* NSAttributedString+ButtonTitle.swift in Sources */ = {isa = PBXBuildFile; fileRef = 06FD1C052215BE3D0075A6C1 /* NSAttributedString+ButtonTitle.swift */; };
		0FBAEE53A903AEEB6C2DD0DF /* Pods_MeditationAppShowcase.framework in Frameworks */ = {isa = PBXBuildFile; fileRef = 1CAD9CF4D10C288E2225F152 /* Pods_MeditationAppShowcase.framework */; };
		B51F7A919D522D3A1ADF4AE6 /* BuildFile in Frameworks */ = {isa = PBXBuildFile; };
/* End PBXBuildFile section */

/* Begin PBXContainerItemProxy section */
		069005D62225853700321F4C /* PBXContainerItemProxy */ = {
			isa = PBXContainerItemProxy;
			containerPortal = 06A71A6D2201F2A1001DE399 /* Project object */;
			proxyType = 1;
			remoteGlobalIDString = 06A71A742201F2A1001DE399;
			remoteInfo = MeditationAppShowcase;
		};
/* End PBXContainerItemProxy section */

/* Begin PBXFileReference section */
		0604A602222491BF00D40DC2 /* SongInteractiveView+Height.swift */ = {isa = PBXFileReference; lastKnownFileType = sourcecode.swift; path = "SongInteractiveView+Height.swift"; sourceTree = "<group>"; };
		060679F2220C8FCE00D6A3FE /* SketchShadow.swift */ = {isa = PBXFileReference; lastKnownFileType = sourcecode.swift; path = SketchShadow.swift; sourceTree = "<group>"; };
		062022C82212F8DE008DFECD /* Container+Meditation.swift */ = {isa = PBXFileReference; lastKnownFileType = sourcecode.swift; path = "Container+Meditation.swift"; sourceTree = "<group>"; };
		062022CC221301EA008DFECD /* AppConfigurator.swift */ = {isa = PBXFileReference; lastKnownFileType = sourcecode.swift; path = AppConfigurator.swift; sourceTree = "<group>"; };
		062022CE2213365D008DFECD /* NavigationView.swift */ = {isa = PBXFileReference; lastKnownFileType = sourcecode.swift; path = NavigationView.swift; sourceTree = "<group>"; };
		062022D022135030008DFECD /* SongViewCell.swift */ = {isa = PBXFileReference; lastKnownFileType = sourcecode.swift; path = SongViewCell.swift; sourceTree = "<group>"; };
		06248E20220DCA5C006525F5 /* HomeBoardView.swift */ = {isa = PBXFileReference; lastKnownFileType = sourcecode.swift; path = HomeBoardView.swift; sourceTree = "<group>"; };
		06248E34220DEF39006525F5 /* ActionControl.swift */ = {isa = PBXFileReference; lastKnownFileType = sourcecode.swift; path = ActionControl.swift; sourceTree = "<group>"; };
		0625D25F221420F800F13B30 /* SongViewModel.swift */ = {isa = PBXFileReference; lastKnownFileType = sourcecode.swift; path = SongViewModel.swift; sourceTree = "<group>"; };
		0625D262221421BF00F13B30 /* MeditationViewModel.swift */ = {isa = PBXFileReference; lastKnownFileType = sourcecode.swift; path = MeditationViewModel.swift; sourceTree = "<group>"; };
		0625D264221433C800F13B30 /* CheckBoxView.swift */ = {isa = PBXFileReference; lastKnownFileType = sourcecode.swift; path = CheckBoxView.swift; sourceTree = "<group>"; };
		0625D2662214536500F13B30 /* MeditationViewModel+Data.swift */ = {isa = PBXFileReference; lastKnownFileType = sourcecode.swift; path = "MeditationViewModel+Data.swift"; sourceTree = "<group>"; };
		062FD75F2208976900E237DA /* NotificationHandling.swift */ = {isa = PBXFileReference; lastKnownFileType = sourcecode.swift; path = NotificationHandling.swift; sourceTree = "<group>"; };
		062FD7702208A5C900E237DA /* GradientView.swift */ = {isa = PBXFileReference; lastKnownFileType = sourcecode.swift; path = GradientView.swift; sourceTree = "<group>"; };
		062FD7722208A6F800E237DA /* UIColor+Hex.swift */ = {isa = PBXFileReference; lastKnownFileType = sourcecode.swift; path = "UIColor+Hex.swift"; sourceTree = "<group>"; };
		06325AAE221D1E1D00418954 /* TabBarViewController.swift */ = {isa = PBXFileReference; lastKnownFileType = sourcecode.swift; path = TabBarViewController.swift; sourceTree = "<group>"; };
		06325AB0221D1F1100418954 /* TabBarView.swift */ = {isa = PBXFileReference; lastKnownFileType = sourcecode.swift; path = TabBarView.swift; sourceTree = "<group>"; };
		06325AB2221D22B200418954 /* TabBarViewModel.swift */ = {isa = PBXFileReference; lastKnownFileType = sourcecode.swift; path = TabBarViewModel.swift; sourceTree = "<group>"; };
		06325AB4221D26AC00418954 /* Container+TabBar.swift */ = {isa = PBXFileReference; lastKnownFileType = sourcecode.swift; path = "Container+TabBar.swift"; sourceTree = "<group>"; };
		064E8E4A221ED2D70019EB1A /* UIViewController+Embedding.swift */ = {isa = PBXFileReference; lastKnownFileType = sourcecode.swift; path = "UIViewController+Embedding.swift"; sourceTree = "<group>"; };
		064E8E4C221F011E0019EB1A /* SongInteractiveView+Resetting.swift */ = {isa = PBXFileReference; lastKnownFileType = sourcecode.swift; path = "SongInteractiveView+Resetting.swift"; sourceTree = "<group>"; };
		064E8E4E221F2B810019EB1A /* SongView+Playable.swift */ = {isa = PBXFileReference; lastKnownFileType = sourcecode.swift; path = "SongView+Playable.swift"; sourceTree = "<group>"; };
		0677959C2215D9C200A26913 /* ActionView+Mode.swift */ = {isa = PBXFileReference; lastKnownFileType = sourcecode.swift; path = "ActionView+Mode.swift"; sourceTree = "<group>"; };
		067A63EE221AB412001A20DF /* Animating+Convenience.swift */ = {isa = PBXFileReference; lastKnownFileType = sourcecode.swift; path = "Animating+Convenience.swift"; sourceTree = "<group>"; };
		067A63F0221ABD58001A20DF /* AppConfigurator+ActionViewControllerOperating.swift */ = {isa = PBXFileReference; lastKnownFileType = sourcecode.swift; path = "AppConfigurator+ActionViewControllerOperating.swift"; sourceTree = "<group>"; };
		067A63F2221ADC86001A20DF /* MeditationView+Animating.swift */ = {isa = PBXFileReference; lastKnownFileType = sourcecode.swift; path = "MeditationView+Animating.swift"; sourceTree = "<group>"; };
		067A63F4221AE13D001A20DF /* SongView.swift */ = {isa = PBXFileReference; lastKnownFileType = sourcecode.swift; path = SongView.swift; sourceTree = "<group>"; };
		067A63F6221AE456001A20DF /* SongView+Selection.swift */ = {isa = PBXFileReference; lastKnownFileType = sourcecode.swift; path = "SongView+Selection.swift"; sourceTree = "<group>"; };
		067A63F9221B1188001A20DF /* CheckBoxView+Selection.swift */ = {isa = PBXFileReference; lastKnownFileType = sourcecode.swift; path = "CheckBoxView+Selection.swift"; sourceTree = "<group>"; };
		067A63FF221B1444001A20DF /* SongInteractiveView.swift */ = {isa = PBXFileReference; lastKnownFileType = sourcecode.swift; path = SongInteractiveView.swift; sourceTree = "<group>"; };
		067A6401221B1791001A20DF /* UILayoutGuide+Helpers.swift */ = {isa = PBXFileReference; lastKnownFileType = sourcecode.swift; path = "UILayoutGuide+Helpers.swift"; sourceTree = "<group>"; };
		067A6403221B1D4C001A20DF /* SongInteractiveView+Modes.swift */ = {isa = PBXFileReference; lastKnownFileType = sourcecode.swift; path = "SongInteractiveView+Modes.swift"; sourceTree = "<group>"; };
		067A6405221B1F1C001A20DF /* SongInteractiveView+Animating.swift */ = {isa = PBXFileReference; lastKnownFileType = sourcecode.swift; path = "SongInteractiveView+Animating.swift"; sourceTree = "<group>"; };
		069005D12225853700321F4C /* MeditationAppShowcaseUnitTests.xctest */ = {isa = PBXFileReference; explicitFileType = wrapper.cfbundle; includeInIndex = 0; path = MeditationAppShowcaseUnitTests.xctest; sourceTree = BUILT_PRODUCTS_DIR; };
		06959543221823DE009F966A /* EventEmitter.swift */ = {isa = PBXFileReference; lastKnownFileType = sourcecode.swift; path = EventEmitter.swift; sourceTree = "<group>"; };
		06959545221823F6009F966A /* Invocable.swift */ = {isa = PBXFileReference; lastKnownFileType = sourcecode.swift; path = Invocable.swift; sourceTree = "<group>"; };
		0695954722182416009F966A /* Disposable.swift */ = {isa = PBXFileReference; lastKnownFileType = sourcecode.swift; path = Disposable.swift; sourceTree = "<group>"; };
		0695954922182432009F966A /* Subscription.swift */ = {isa = PBXFileReference; lastKnownFileType = sourcecode.swift; path = Subscription.swift; sourceTree = "<group>"; };
		069A838E2211FC8100D3E223 /* MeditationViewController.swift */ = {isa = PBXFileReference; lastKnownFileType = sourcecode.swift; path = MeditationViewController.swift; sourceTree = "<group>"; };
		069A83902211FF9800D3E223 /* MeditationView.swift */ = {isa = PBXFileReference; lastKnownFileType = sourcecode.swift; path = MeditationView.swift; sourceTree = "<group>"; };
		069A83932212033600D3E223 /* ViewControllerPresenter.swift */ = {isa = PBXFileReference; lastKnownFileType = sourcecode.swift; path = ViewControllerPresenter.swift; sourceTree = "<group>"; };
		069A83952212087E00D3E223 /* HomeView+Dismission.swift */ = {isa = PBXFileReference; lastKnownFileType = sourcecode.swift; path = "HomeView+Dismission.swift"; sourceTree = "<group>"; };
		06A71A752201F2A1001DE399 /* MeditationAppShowcase.app */ = {isa = PBXFileReference; explicitFileType = wrapper.application; includeInIndex = 0; path = MeditationAppShowcase.app; sourceTree = BUILT_PRODUCTS_DIR; };
		06A71A782201F2A1001DE399 /* AppDelegate.swift */ = {isa = PBXFileReference; lastKnownFileType = sourcecode.swift; path = AppDelegate.swift; sourceTree = "<group>"; };
		06A71A7A2201F2A1001DE399 /* HomeViewController.swift */ = {isa = PBXFileReference; lastKnownFileType = sourcecode.swift; path = HomeViewController.swift; sourceTree = "<group>"; };
		06A71A7F2201F2A3001DE399 /* Assets.xcassets */ = {isa = PBXFileReference; lastKnownFileType = folder.assetcatalog; path = Assets.xcassets; sourceTree = "<group>"; };
		06A71A822201F2A3001DE399 /* Base */ = {isa = PBXFileReference; lastKnownFileType = file.storyboard; name = Base; path = Base.lproj/LaunchScreen.storyboard; sourceTree = "<group>"; };
		06A71A842201F2A3001DE399 /* Info.plist */ = {isa = PBXFileReference; lastKnownFileType = text.plist.xml; path = Info.plist; sourceTree = "<group>"; };
		06A71A8B2201F59F001DE399 /* Container.swift */ = {isa = PBXFileReference; lastKnownFileType = sourcecode.swift; path = Container.swift; sourceTree = "<group>"; };
		06A71A902201F7A1001DE399 /* Container+Home.swift */ = {isa = PBXFileReference; lastKnownFileType = sourcecode.swift; path = "Container+Home.swift"; sourceTree = "<group>"; };
		06A71A922201F946001DE399 /* Default-568h@2x.png */ = {isa = PBXFileReference; lastKnownFileType = image.png; path = "Default-568h@2x.png"; sourceTree = "<group>"; };
		06A71A9422020874001DE399 /* HomeViewModel.swift */ = {isa = PBXFileReference; lastKnownFileType = sourcecode.swift; path = HomeViewModel.swift; sourceTree = "<group>"; };
		06A71A96220213E2001DE399 /* HomeView.swift */ = {isa = PBXFileReference; lastKnownFileType = sourcecode.swift; path = HomeView.swift; sourceTree = "<group>"; };
		06B41EAB222006E100C7F935 /* SongMode.swift */ = {isa = PBXFileReference; lastKnownFileType = sourcecode.swift; path = SongMode.swift; sourceTree = "<group>"; };
		06B41EAF22200E1500C7F935 /* SongViewCell+Modes.swift */ = {isa = PBXFileReference; lastKnownFileType = sourcecode.swift; path = "SongViewCell+Modes.swift"; sourceTree = "<group>"; };
		06B41EB12220276B00C7F935 /* MeditationScreenStateOperator.swift */ = {isa = PBXFileReference; lastKnownFileType = sourcecode.swift; path = MeditationScreenStateOperator.swift; sourceTree = "<group>"; };
		06B41EB3222035BE00C7F935 /* SongModeEmitter.swift */ = {isa = PBXFileReference; lastKnownFileType = sourcecode.swift; path = SongModeEmitter.swift; sourceTree = "<group>"; };
		06B41EB522203C5700C7F935 /* SongManager.swift */ = {isa = PBXFileReference; lastKnownFileType = sourcecode.swift; path = SongManager.swift; sourceTree = "<group>"; };
		06B5E37B2214801500004D09 /* ActionViewController.swift */ = {isa = PBXFileReference; lastKnownFileType = sourcecode.swift; path = ActionViewController.swift; sourceTree = "<group>"; };
		06B5E37D221480A900004D09 /* ActionViewController+Mode.swift */ = {isa = PBXFileReference; lastKnownFileType = sourcecode.swift; path = "ActionViewController+Mode.swift"; sourceTree = "<group>"; };
		06B5E37F22148F9E00004D09 /* ActionView.swift */ = {isa = PBXFileReference; lastKnownFileType = sourcecode.swift; path = ActionView.swift; sourceTree = "<group>"; };
		06B5E38122149EFA00004D09 /* ActionViewController+Event.swift */ = {isa = PBXFileReference; lastKnownFileType = sourcecode.swift; path = "ActionViewController+Event.swift"; sourceTree = "<group>"; };
		06B6E86D22187DA4005102C6 /* ActionEmitter.swift */ = {isa = PBXFileReference; lastKnownFileType = sourcecode.swift; path = ActionEmitter.swift; sourceTree = "<group>"; };
		06B6E86F221885EB005102C6 /* ActionViewModel.swift */ = {isa = PBXFileReference; lastKnownFileType = sourcecode.swift; path = ActionViewModel.swift; sourceTree = "<group>"; };
		06F8933C221976F100EFC626 /* Animator.swift */ = {isa = PBXFileReference; lastKnownFileType = sourcecode.swift; path = Animator.swift; sourceTree = "<group>"; };
		06FD1BFF2215AB130075A6C1 /* AppViewControllersFactory.swift */ = {isa = PBXFileReference; lastKnownFileType = sourcecode.swift; path = AppViewControllersFactory.swift; sourceTree = "<group>"; };
		06FD1C012215B5CB0075A6C1 /* Container+Configurator.swift */ = {isa = PBXFileReference; lastKnownFileType = sourcecode.swift; path = "Container+Configurator.swift"; sourceTree = "<group>"; };
		06FD1C032215B6B60075A6C1 /* Container+ActionController.swift */ = {isa = PBXFileReference; lastKnownFileType = sourcecode.swift; path = "Container+ActionController.swift"; sourceTree = "<group>"; };
		06FD1C052215BE3D0075A6C1 /* NSAttributedString+ButtonTitle.swift */ = {isa = PBXFileReference; lastKnownFileType = sourcecode.swift; path = "NSAttributedString+ButtonTitle.swift"; sourceTree = "<group>"; };
		12785C739982B8627D01A2D4 /* Pods_MeditationAppShowcaseUnitTests.framework */ = {isa = PBXFileReference; explicitFileType = wrapper.framework; includeInIndex = 0; path = Pods_MeditationAppShowcaseUnitTests.framework; sourceTree = BUILT_PRODUCTS_DIR; };
		1CAD9CF4D10C288E2225F152 /* Pods_MeditationAppShowcase.framework */ = {isa = PBXFileReference; explicitFileType = wrapper.framework; includeInIndex = 0; path = Pods_MeditationAppShowcase.framework; sourceTree = BUILT_PRODUCTS_DIR; };
		BDED701BD88F56CBFF584304 /* Pods-MeditationAppShowcase.debug.xcconfig */ = {isa = PBXFileReference; includeInIndex = 1; lastKnownFileType = text.xcconfig; name = "Pods-MeditationAppShowcase.debug.xcconfig"; path = "Pods/Target Support Files/Pods-MeditationAppShowcase/Pods-MeditationAppShowcase.debug.xcconfig"; sourceTree = "<group>"; };
		C85F48EB171E7D52BD46EF8B /* Pods-MeditationAppShowcase.release.xcconfig */ = {isa = PBXFileReference; includeInIndex = 1; lastKnownFileType = text.xcconfig; name = "Pods-MeditationAppShowcase.release.xcconfig"; path = "Pods/Target Support Files/Pods-MeditationAppShowcase/Pods-MeditationAppShowcase.release.xcconfig"; sourceTree = "<group>"; };
/* End PBXFileReference section */

/* Begin PBXFrameworksBuildPhase section */
		069005CE2225853700321F4C /* Frameworks */ = {
			isa = PBXFrameworksBuildPhase;
			buildActionMask = 2147483647;
			files = (
			);
			runOnlyForDeploymentPostprocessing = 0;
		};
		06A71A722201F2A1001DE399 /* Frameworks */ = {
			isa = PBXFrameworksBuildPhase;
			buildActionMask = 2147483647;
			files = (
				B51F7A919D522D3A1ADF4AE6 /* BuildFile in Frameworks */,
				0FBAEE53A903AEEB6C2DD0DF /* Pods_MeditationAppShowcase.framework in Frameworks */,
			);
			runOnlyForDeploymentPostprocessing = 0;
		};
/* End PBXFrameworksBuildPhase section */

/* Begin PBXGroup section */
		0625D2612214218100F13B30 /* SongPicker */ = {
			isa = PBXGroup;
			children = (
				067A63FE221B140E001A20DF /* SongInteractive */,
				06B41EAB222006E100C7F935 /* SongMode.swift */,
				06B41EB3222035BE00C7F935 /* SongModeEmitter.swift */,
				06B41EAF22200E1500C7F935 /* SongViewCell+Modes.swift */,
				062022D022135030008DFECD /* SongViewCell.swift */,
				0625D25F221420F800F13B30 /* SongViewModel.swift */,
			);
			path = SongPicker;
			sourceTree = "<group>";
		};
		062FD75E220896DD00E237DA /* Commons */ = {
			isa = PBXGroup;
			children = (
				067A63ED221AB3F4001A20DF /* Animator */,
				06FD1BFE2215A7440075A6C1 /* AppConfigurator */,
				069A83922212032100D3E223 /* Presenters */,
				06959541221823A0009F966A /* Utilities */,
				062FD7702208A5C900E237DA /* GradientView.swift */,
				062FD75F2208976900E237DA /* NotificationHandling.swift */,
				060679F2220C8FCE00D6A3FE /* SketchShadow.swift */,
				062FD7722208A6F800E237DA /* UIColor+Hex.swift */,
				067A6401221B1791001A20DF /* UILayoutGuide+Helpers.swift */,
				064E8E4A221ED2D70019EB1A /* UIViewController+Embedding.swift */,
			);
			path = Commons;
			sourceTree = "<group>";
		};
		06325AAD221D1E0600418954 /* TabBar */ = {
			isa = PBXGroup;
			children = (
				06325AB0221D1F1100418954 /* TabBarView.swift */,
				06325AAE221D1E1D00418954 /* TabBarViewController.swift */,
				06325AB2221D22B200418954 /* TabBarViewModel.swift */,
			);
			path = TabBar;
			sourceTree = "<group>";
		};
		067A63ED221AB3F4001A20DF /* Animator */ = {
			isa = PBXGroup;
			children = (
				067A63EE221AB412001A20DF /* Animating+Convenience.swift */,
				06F8933C221976F100EFC626 /* Animator.swift */,
			);
			path = Animator;
			sourceTree = "<group>";
		};
		067A63F8221B116E001A20DF /* CheckBox */ = {
			isa = PBXGroup;
			children = (
				067A63F9221B1188001A20DF /* CheckBoxView+Selection.swift */,
				0625D264221433C800F13B30 /* CheckBoxView.swift */,
			);
			path = CheckBox;
			sourceTree = "<group>";
		};
		067A63FB221B130F001A20DF /* Song */ = {
			isa = PBXGroup;
			children = (
				067A63F8221B116E001A20DF /* CheckBox */,
				064E8E4E221F2B810019EB1A /* SongView+Playable.swift */,
				067A63F6221AE456001A20DF /* SongView+Selection.swift */,
				067A63F4221AE13D001A20DF /* SongView.swift */,
			);
			path = Song;
			sourceTree = "<group>";
		};
		067A63FE221B140E001A20DF /* SongInteractive */ = {
			isa = PBXGroup;
			children = (
				067A63FB221B130F001A20DF /* Song */,
				067A6405221B1F1C001A20DF /* SongInteractiveView+Animating.swift */,
				0604A602222491BF00D40DC2 /* SongInteractiveView+Height.swift */,
				067A6403221B1D4C001A20DF /* SongInteractiveView+Modes.swift */,
				064E8E4C221F011E0019EB1A /* SongInteractiveView+Resetting.swift */,
				067A63FF221B1444001A20DF /* SongInteractiveView.swift */,
			);
			path = SongInteractive;
			sourceTree = "<group>";
		};
		06959541221823A0009F966A /* Utilities */ = {
			isa = PBXGroup;
			children = (
				06959542221823C7009F966A /* Observer */,
			);
			path = Utilities;
			sourceTree = "<group>";
		};
		06959542221823C7009F966A /* Observer */ = {
			isa = PBXGroup;
			children = (
				0695954722182416009F966A /* Disposable.swift */,
				06959543221823DE009F966A /* EventEmitter.swift */,
				06959545221823F6009F966A /* Invocable.swift */,
				0695954922182432009F966A /* Subscription.swift */,
			);
			path = Observer;
			sourceTree = "<group>";
		};
		069A838D2211FC1B00D3E223 /* Meditation */ = {
			isa = PBXGroup;
			children = (
				0625D2612214218100F13B30 /* SongPicker */,
				06B41EB12220276B00C7F935 /* MeditationScreenStateOperator.swift */,
				067A63F2221ADC86001A20DF /* MeditationView+Animating.swift */,
				069A83902211FF9800D3E223 /* MeditationView.swift */,
				069A838E2211FC8100D3E223 /* MeditationViewController.swift */,
				0625D2662214536500F13B30 /* MeditationViewModel+Data.swift */,
				0625D262221421BF00F13B30 /* MeditationViewModel.swift */,
				062022CE2213365D008DFECD /* NavigationView.swift */,
				06B41EB522203C5700C7F935 /* SongManager.swift */,
			);
			path = Meditation;
			sourceTree = "<group>";
		};
		069A83922212032100D3E223 /* Presenters */ = {
			isa = PBXGroup;
			children = (
				069A83932212033600D3E223 /* ViewControllerPresenter.swift */,
			);
			path = Presenters;
			sourceTree = "<group>";
		};
		06A71A6C2201F2A1001DE399 = {
			isa = PBXGroup;
			children = (
				9ECAB40E3B2CF84718114382 /* Frameworks */,
				06A71A772201F2A1001DE399 /* MeditationAppShowcase */,
				5816F91E5DD055EA95DA51C7 /* Pods */,
				06A71A762201F2A1001DE399 /* Products */,
				06A71A922201F946001DE399 /* Default-568h@2x.png */,
			);
			sourceTree = "<group>";
		};
		06A71A762201F2A1001DE399 /* Products */ = {
			isa = PBXGroup;
			children = (
				06A71A752201F2A1001DE399 /* MeditationAppShowcase.app */,
				069005D12225853700321F4C /* MeditationAppShowcaseUnitTests.xctest */,
			);
			name = Products;
			sourceTree = "<group>";
		};
		06A71A772201F2A1001DE399 /* MeditationAppShowcase */ = {
			isa = PBXGroup;
			children = (
				062FD75E220896DD00E237DA /* Commons */,
				06A71A8A2201F554001DE399 /* Container */,
				06A71A8F2201F6EF001DE399 /* Resources */,
				06A71A8D2201F6BB001DE399 /* Screens */,
				06A71A782201F2A1001DE399 /* AppDelegate.swift */,
			);
			path = MeditationAppShowcase;
			sourceTree = "<group>";
		};
		06A71A8A2201F554001DE399 /* Container */ = {
			isa = PBXGroup;
			children = (
				06FD1C032215B6B60075A6C1 /* Container+ActionController.swift */,
				06FD1C012215B5CB0075A6C1 /* Container+Configurator.swift */,
				06A71A902201F7A1001DE399 /* Container+Home.swift */,
				062022C82212F8DE008DFECD /* Container+Meditation.swift */,
				06325AB4221D26AC00418954 /* Container+TabBar.swift */,
				06A71A8B2201F59F001DE399 /* Container.swift */,
			);
			path = Container;
			sourceTree = "<group>";
		};
		06A71A8D2201F6BB001DE399 /* Screens */ = {
			isa = PBXGroup;
			children = (
				06B5E37A22147FF600004D09 /* ActionController */,
				06A71A8E2201F6C8001DE399 /* Home */,
				069A838D2211FC1B00D3E223 /* Meditation */,
				06325AAD221D1E0600418954 /* TabBar */,
			);
			path = Screens;
			sourceTree = "<group>";
		};
		06A71A8E2201F6C8001DE399 /* Home */ = {
			isa = PBXGroup;
			children = (
				06248E20220DCA5C006525F5 /* HomeBoardView.swift */,
				069A83952212087E00D3E223 /* HomeView+Dismission.swift */,
				06A71A96220213E2001DE399 /* HomeView.swift */,
				06A71A7A2201F2A1001DE399 /* HomeViewController.swift */,
				06A71A9422020874001DE399 /* HomeViewModel.swift */,
			);
			path = Home;
			sourceTree = "<group>";
		};
		06A71A8F2201F6EF001DE399 /* Resources */ = {
			isa = PBXGroup;
			children = (
				06A71A7F2201F2A3001DE399 /* Assets.xcassets */,
				06A71A842201F2A3001DE399 /* Info.plist */,
				06A71A812201F2A3001DE399 /* LaunchScreen.storyboard */,
			);
			path = Resources;
			sourceTree = "<group>";
		};
		06B5E37A22147FF600004D09 /* ActionController */ = {
			isa = PBXGroup;
			children = (
				06248E34220DEF39006525F5 /* ActionControl.swift */,
				06B6E86D22187DA4005102C6 /* ActionEmitter.swift */,
				0677959C2215D9C200A26913 /* ActionView+Mode.swift */,
				06B5E37F22148F9E00004D09 /* ActionView.swift */,
				06B5E38122149EFA00004D09 /* ActionViewController+Event.swift */,
				06B5E37D221480A900004D09 /* ActionViewController+Mode.swift */,
				06B5E37B2214801500004D09 /* ActionViewController.swift */,
				06B6E86F221885EB005102C6 /* ActionViewModel.swift */,
				06FD1C052215BE3D0075A6C1 /* NSAttributedString+ButtonTitle.swift */,
			);
			path = ActionController;
			sourceTree = "<group>";
		};
		06FD1BFE2215A7440075A6C1 /* AppConfigurator */ = {
			isa = PBXGroup;
			children = (
				067A63F0221ABD58001A20DF /* AppConfigurator+ActionViewControllerOperating.swift */,
				062022CC221301EA008DFECD /* AppConfigurator.swift */,
				06FD1BFF2215AB130075A6C1 /* AppViewControllersFactory.swift */,
			);
			path = AppConfigurator;
			sourceTree = "<group>";
		};
		5816F91E5DD055EA95DA51C7 /* Pods */ = {
			isa = PBXGroup;
			children = (
				BDED701BD88F56CBFF584304 /* Pods-MeditationAppShowcase.debug.xcconfig */,
				C85F48EB171E7D52BD46EF8B /* Pods-MeditationAppShowcase.release.xcconfig */,
			);
			name = Pods;
			sourceTree = "<group>";
		};
		9ECAB40E3B2CF84718114382 /* Frameworks */ = {
			isa = PBXGroup;
			children = (
				1CAD9CF4D10C288E2225F152 /* Pods_MeditationAppShowcase.framework */,
				12785C739982B8627D01A2D4 /* Pods_MeditationAppShowcaseUnitTests.framework */,
			);
			name = Frameworks;
			sourceTree = "<group>";
		};
/* End PBXGroup section */

/* Begin PBXNativeTarget section */
		069005D02225853700321F4C /* MeditationAppShowcaseUnitTests */ = {
			isa = PBXNativeTarget;
			buildConfigurationList = 069005DA2225853700321F4C /* Build configuration list for PBXNativeTarget "MeditationAppShowcaseUnitTests" */;
			buildPhases = (
				069005CD2225853700321F4C /* Sources */,
				069005CE2225853700321F4C /* Frameworks */,
				069005CF2225853700321F4C /* Resources */,
			);
			buildRules = (
			);
			dependencies = (
				069005D72225853700321F4C /* PBXTargetDependency */,
			);
			name = MeditationAppShowcaseUnitTests;
			productName = MeditationAppShowcaseUnitTests;
			productReference = 069005D12225853700321F4C /* MeditationAppShowcaseUnitTests.xctest */;
			productType = "com.apple.product-type.bundle.unit-test";
		};
		06A71A742201F2A1001DE399 /* MeditationAppShowcase */ = {
			isa = PBXNativeTarget;
			buildConfigurationList = 06A71A872201F2A3001DE399 /* Build configuration list for PBXNativeTarget "MeditationAppShowcase" */;
			buildPhases = (
				823DB1EE154F605A8D7329C3 /* [CP] Check Pods Manifest.lock */,
				06A71A712201F2A1001DE399 /* Sources */,
				06A71A722201F2A1001DE399 /* Frameworks */,
				06A71A732201F2A1001DE399 /* Resources */,
				069A838C2211E1EC00D3E223 /* Swiftlint */,
			);
			buildRules = (
			);
			dependencies = (
			);
			name = MeditationAppShowcase;
			productName = MeditationAppShowcase;
			productReference = 06A71A752201F2A1001DE399 /* MeditationAppShowcase.app */;
			productType = "com.apple.product-type.application";
		};
/* End PBXNativeTarget section */

/* Begin PBXProject section */
		06A71A6D2201F2A1001DE399 /* Project object */ = {
			isa = PBXProject;
			attributes = {
				LastSwiftUpdateCheck = 1010;
				LastUpgradeCheck = 1010;
				ORGANIZATIONNAME = "Bartlomiej Guminiak";
				TargetAttributes = {
					069005D02225853700321F4C = {
						CreatedOnToolsVersion = 10.1;
						TestTargetID = 06A71A742201F2A1001DE399;
					};
					06A71A742201F2A1001DE399 = {
						CreatedOnToolsVersion = 10.1;
					};
				};
			};
			buildConfigurationList = 06A71A702201F2A1001DE399 /* Build configuration list for PBXProject "MeditationAppShowcase" */;
			compatibilityVersion = "Xcode 10.0";
			developmentRegion = en;
			hasScannedForEncodings = 0;
			knownRegions = (
				en,
				Base,
			);
			mainGroup = 06A71A6C2201F2A1001DE399;
			productRefGroup = 06A71A762201F2A1001DE399 /* Products */;
			projectDirPath = "";
			projectRoot = "";
			targets = (
				06A71A742201F2A1001DE399 /* MeditationAppShowcase */,
				069005D02225853700321F4C /* MeditationAppShowcaseUnitTests */,
			);
		};
/* End PBXProject section */

/* Begin PBXResourcesBuildPhase section */
		069005CF2225853700321F4C /* Resources */ = {
			isa = PBXResourcesBuildPhase;
			buildActionMask = 2147483647;
			files = (
			);
			runOnlyForDeploymentPostprocessing = 0;
		};
		06A71A732201F2A1001DE399 /* Resources */ = {
			isa = PBXResourcesBuildPhase;
			buildActionMask = 2147483647;
			files = (
				06A71A832201F2A3001DE399 /* LaunchScreen.storyboard in Resources */,
				06A71A802201F2A3001DE399 /* Assets.xcassets in Resources */,
				06A71A932201F946001DE399 /* Default-568h@2x.png in Resources */,
			);
			runOnlyForDeploymentPostprocessing = 0;
		};
/* End PBXResourcesBuildPhase section */

/* Begin PBXShellScriptBuildPhase section */
		069A838C2211E1EC00D3E223 /* Swiftlint */ = {
			isa = PBXShellScriptBuildPhase;
			buildActionMask = 2147483647;
			files = (
			);
			inputFileListPaths = (
			);
			inputPaths = (
			);
			name = Swiftlint;
			outputFileListPaths = (
			);
			outputPaths = (
			);
			runOnlyForDeploymentPostprocessing = 0;
			shellPath = /bin/sh;
			shellScript = "${PODS_ROOT}/SwiftLint/swiftlint\n";
		};
		823DB1EE154F605A8D7329C3 /* [CP] Check Pods Manifest.lock */ = {
			isa = PBXShellScriptBuildPhase;
			buildActionMask = 2147483647;
			files = (
			);
			inputFileListPaths = (
			);
			inputPaths = (
				"${PODS_PODFILE_DIR_PATH}/Podfile.lock",
				"${PODS_ROOT}/Manifest.lock",
			);
			name = "[CP] Check Pods Manifest.lock";
			outputFileListPaths = (
			);
			outputPaths = (
				"$(DERIVED_FILE_DIR)/Pods-MeditationAppShowcase-checkManifestLockResult.txt",
			);
			runOnlyForDeploymentPostprocessing = 0;
			shellPath = /bin/sh;
			shellScript = "diff \"${PODS_PODFILE_DIR_PATH}/Podfile.lock\" \"${PODS_ROOT}/Manifest.lock\" > /dev/null\nif [ $? != 0 ] ; then\n    # print error to STDERR\n    echo \"error: The sandbox is not in sync with the Podfile.lock. Run 'pod install' or update your CocoaPods installation.\" >&2\n    exit 1\nfi\n# This output is used by Xcode 'outputs' to avoid re-running this script phase.\necho \"SUCCESS\" > \"${SCRIPT_OUTPUT_FILE_0}\"\n";
			showEnvVarsInLog = 0;
		};
/* End PBXShellScriptBuildPhase section */

/* Begin PBXSourcesBuildPhase section */
		069005CD2225853700321F4C /* Sources */ = {
			isa = PBXSourcesBuildPhase;
			buildActionMask = 2147483647;
			files = (
			);
			runOnlyForDeploymentPostprocessing = 0;
		};
		06A71A712201F2A1001DE399 /* Sources */ = {
			isa = PBXSourcesBuildPhase;
			buildActionMask = 2147483647;
			files = (
				06325AB3221D22B200418954 /* TabBarViewModel.swift in Sources */,
				06A71A7B2201F2A1001DE399 /* HomeViewController.swift in Sources */,
				0695954822182416009F966A /* Disposable.swift in Sources */,
				06325AB1221D1F1100418954 /* TabBarView.swift in Sources */,
				069A838F2211FC8100D3E223 /* MeditationViewController.swift in Sources */,
				067A63F5221AE13D001A20DF /* SongView.swift in Sources */,
				0677959D2215D9C200A26913 /* ActionView+Mode.swift in Sources */,
				062022CF2213365D008DFECD /* NavigationView.swift in Sources */,
				067A63F1221ABD58001A20DF /* AppConfigurator+ActionViewControllerOperating.swift in Sources */,
				069A83912211FF9800D3E223 /* MeditationView.swift in Sources */,
				069A83942212033600D3E223 /* ViewControllerPresenter.swift in Sources */,
				067A6404221B1D4C001A20DF /* SongInteractiveView+Modes.swift in Sources */,
				060679F3220C8FCE00D6A3FE /* SketchShadow.swift in Sources */,
				06B5E38222149EFA00004D09 /* ActionViewController+Event.swift in Sources */,
				06959544221823DE009F966A /* EventEmitter.swift in Sources */,
				067A6400221B1444001A20DF /* SongInteractiveView.swift in Sources */,
				06B41EB022200E1500C7F935 /* SongViewCell+Modes.swift in Sources */,
				064E8E4F221F2B810019EB1A /* SongView+Playable.swift in Sources */,
				0625D2672214536500F13B30 /* MeditationViewModel+Data.swift in Sources */,
				064E8E4D221F011E0019EB1A /* SongInteractiveView+Resetting.swift in Sources */,
				06B5E37E221480A900004D09 /* ActionViewController+Mode.swift in Sources */,
				062FD7732208A6F800E237DA /* UIColor+Hex.swift in Sources */,
				0625D265221433C800F13B30 /* CheckBoxView.swift in Sources */,
				06A71A8C2201F59F001DE399 /* Container.swift in Sources */,
				06B41EAC222006E100C7F935 /* SongMode.swift in Sources */,
				06959546221823F6009F966A /* Invocable.swift in Sources */,
				06FD1C062215BE3D0075A6C1 /* NSAttributedString+ButtonTitle.swift in Sources */,
				062FD7602208976900E237DA /* NotificationHandling.swift in Sources */,
				06A71A912201F7A1001DE399 /* Container+Home.swift in Sources */,
				067A63FA221B1188001A20DF /* CheckBoxView+Selection.swift in Sources */,
				069A83962212087E00D3E223 /* HomeView+Dismission.swift in Sources */,
				0695954A22182432009F966A /* Subscription.swift in Sources */,
				06B41EB622203C5700C7F935 /* SongManager.swift in Sources */,
				062022D122135030008DFECD /* SongViewCell.swift in Sources */,
				06A71A97220213E2001DE399 /* HomeView.swift in Sources */,
				06248E21220DCA5C006525F5 /* HomeBoardView.swift in Sources */,
				06B5E37C2214801500004D09 /* ActionViewController.swift in Sources */,
				06FD1C022215B5CB0075A6C1 /* Container+Configurator.swift in Sources */,
				06325AB5221D26AC00418954 /* Container+TabBar.swift in Sources */,
				062022CD221301EA008DFECD /* AppConfigurator.swift in Sources */,
				06B41EB4222035BE00C7F935 /* SongModeEmitter.swift in Sources */,
				064E8E4B221ED2D70019EB1A /* UIViewController+Embedding.swift in Sources */,
				06A71A9522020874001DE399 /* HomeViewModel.swift in Sources */,
				067A6406221B1F1C001A20DF /* SongInteractiveView+Animating.swift in Sources */,
				067A6402221B1791001A20DF /* UILayoutGuide+Helpers.swift in Sources */,
				06B6E870221885EB005102C6 /* ActionViewModel.swift in Sources */,
				067A63EF221AB412001A20DF /* Animating+Convenience.swift in Sources */,
				06B6E86E22187DA4005102C6 /* ActionEmitter.swift in Sources */,
				06F8933D221976F100EFC626 /* Animator.swift in Sources */,
				067A63F3221ADC86001A20DF /* MeditationView+Animating.swift in Sources */,
				06B5E38022148F9E00004D09 /* ActionView.swift in Sources */,
				06A71A792201F2A1001DE399 /* AppDelegate.swift in Sources */,
				062022C92212F8DE008DFECD /* Container+Meditation.swift in Sources */,
				06325AAF221D1E1D00418954 /* TabBarViewController.swift in Sources */,
				06B41EB22220276B00C7F935 /* MeditationScreenStateOperator.swift in Sources */,
				062FD7712208A5C900E237DA /* GradientView.swift in Sources */,
				0604A603222491BF00D40DC2 /* SongInteractiveView+Height.swift in Sources */,
				067A63F7221AE456001A20DF /* SongView+Selection.swift in Sources */,
				06FD1C042215B6B60075A6C1 /* Container+ActionController.swift in Sources */,
				0625D263221421BF00F13B30 /* MeditationViewModel.swift in Sources */,
				06248E35220DEF39006525F5 /* ActionControl.swift in Sources */,
				0625D260221420F800F13B30 /* SongViewModel.swift in Sources */,
				06FD1C002215AB130075A6C1 /* AppViewControllersFactory.swift in Sources */,
			);
			runOnlyForDeploymentPostprocessing = 0;
		};
/* End PBXSourcesBuildPhase section */

/* Begin PBXTargetDependency section */
		069005D72225853700321F4C /* PBXTargetDependency */ = {
			isa = PBXTargetDependency;
			target = 06A71A742201F2A1001DE399 /* MeditationAppShowcase */;
			targetProxy = 069005D62225853700321F4C /* PBXContainerItemProxy */;
		};
/* End PBXTargetDependency section */

/* Begin PBXVariantGroup section */
		06A71A812201F2A3001DE399 /* LaunchScreen.storyboard */ = {
			isa = PBXVariantGroup;
			children = (
				06A71A822201F2A3001DE399 /* Base */,
			);
			name = LaunchScreen.storyboard;
			path = .;
			sourceTree = "<group>";
		};
/* End PBXVariantGroup section */

/* Begin XCBuildConfiguration section */
		069005D82225853700321F4C /* Debug */ = {
			isa = XCBuildConfiguration;
			buildSettings = {
				BUNDLE_LOADER = "$(TEST_HOST)";
				CODE_SIGN_STYLE = Automatic;
				DEVELOPMENT_TEAM = 3Q64X85ELY;
				INFOPLIST_FILE = MeditationAppShowcaseUnitTests/Info.plist;
				LD_RUNPATH_SEARCH_PATHS = (
					"$(inherited)",
					"@executable_path/Frameworks",
					"@loader_path/Frameworks",
				);
				PRODUCT_BUNDLE_IDENTIFIER = pl.meditationapp.MeditationAppShowcaseUnitTests;
				PRODUCT_NAME = "$(TARGET_NAME)";
				SWIFT_VERSION = 4.2;
				TARGETED_DEVICE_FAMILY = "1,2";
				TEST_HOST = "$(BUILT_PRODUCTS_DIR)/MeditationAppShowcase.app/MeditationAppShowcase";
			};
			name = Debug;
		};
		069005D92225853700321F4C /* Release */ = {
			isa = XCBuildConfiguration;
			buildSettings = {
				BUNDLE_LOADER = "$(TEST_HOST)";
				CODE_SIGN_STYLE = Automatic;
				DEVELOPMENT_TEAM = 3Q64X85ELY;
				INFOPLIST_FILE = MeditationAppShowcaseUnitTests/Info.plist;
				LD_RUNPATH_SEARCH_PATHS = (
					"$(inherited)",
					"@executable_path/Frameworks",
					"@loader_path/Frameworks",
				);
				PRODUCT_BUNDLE_IDENTIFIER = pl.meditationapp.MeditationAppShowcaseUnitTests;
				PRODUCT_NAME = "$(TARGET_NAME)";
				SWIFT_VERSION = 4.2;
				TARGETED_DEVICE_FAMILY = "1,2";
				TEST_HOST = "$(BUILT_PRODUCTS_DIR)/MeditationAppShowcase.app/MeditationAppShowcase";
			};
			name = Release;
		};
		06A71A852201F2A3001DE399 /* Debug */ = {
			isa = XCBuildConfiguration;
			buildSettings = {
				ALWAYS_SEARCH_USER_PATHS = NO;
				CLANG_ANALYZER_NONNULL = YES;
				CLANG_ANALYZER_NUMBER_OBJECT_CONVERSION = YES_AGGRESSIVE;
				CLANG_CXX_LANGUAGE_STANDARD = "gnu++14";
				CLANG_CXX_LIBRARY = "libc++";
				CLANG_ENABLE_MODULES = YES;
				CLANG_ENABLE_OBJC_ARC = YES;
				CLANG_ENABLE_OBJC_WEAK = YES;
				CLANG_WARN_BLOCK_CAPTURE_AUTORELEASING = YES;
				CLANG_WARN_BOOL_CONVERSION = YES;
				CLANG_WARN_COMMA = YES;
				CLANG_WARN_CONSTANT_CONVERSION = YES;
				CLANG_WARN_DEPRECATED_OBJC_IMPLEMENTATIONS = YES;
				CLANG_WARN_DIRECT_OBJC_ISA_USAGE = YES_ERROR;
				CLANG_WARN_DOCUMENTATION_COMMENTS = YES;
				CLANG_WARN_EMPTY_BODY = YES;
				CLANG_WARN_ENUM_CONVERSION = YES;
				CLANG_WARN_INFINITE_RECURSION = YES;
				CLANG_WARN_INT_CONVERSION = YES;
				CLANG_WARN_NON_LITERAL_NULL_CONVERSION = YES;
				CLANG_WARN_OBJC_IMPLICIT_RETAIN_SELF = YES;
				CLANG_WARN_OBJC_LITERAL_CONVERSION = YES;
				CLANG_WARN_OBJC_ROOT_CLASS = YES_ERROR;
				CLANG_WARN_RANGE_LOOP_ANALYSIS = YES;
				CLANG_WARN_STRICT_PROTOTYPES = YES;
				CLANG_WARN_SUSPICIOUS_MOVE = YES;
				CLANG_WARN_UNGUARDED_AVAILABILITY = YES_AGGRESSIVE;
				CLANG_WARN_UNREACHABLE_CODE = YES;
				CLANG_WARN__DUPLICATE_METHOD_MATCH = YES;
				CODE_SIGN_IDENTITY = "iPhone Developer";
				COPY_PHASE_STRIP = NO;
				DEBUG_INFORMATION_FORMAT = dwarf;
				ENABLE_STRICT_OBJC_MSGSEND = YES;
				ENABLE_TESTABILITY = YES;
				GCC_C_LANGUAGE_STANDARD = gnu11;
				GCC_DYNAMIC_NO_PIC = NO;
				GCC_NO_COMMON_BLOCKS = YES;
				GCC_OPTIMIZATION_LEVEL = 0;
				GCC_PREPROCESSOR_DEFINITIONS = (
					"DEBUG=1",
					"$(inherited)",
				);
				GCC_WARN_64_TO_32_BIT_CONVERSION = YES;
				GCC_WARN_ABOUT_RETURN_TYPE = YES_ERROR;
				GCC_WARN_UNDECLARED_SELECTOR = YES;
				GCC_WARN_UNINITIALIZED_AUTOS = YES_AGGRESSIVE;
				GCC_WARN_UNUSED_FUNCTION = YES;
				GCC_WARN_UNUSED_VARIABLE = YES;
				IPHONEOS_DEPLOYMENT_TARGET = 12.1;
				MTL_ENABLE_DEBUG_INFO = INCLUDE_SOURCE;
				MTL_FAST_MATH = YES;
				ONLY_ACTIVE_ARCH = YES;
				SDKROOT = iphoneos;
				SWIFT_ACTIVE_COMPILATION_CONDITIONS = DEBUG;
				SWIFT_OPTIMIZATION_LEVEL = "-Onone";
			};
			name = Debug;
		};
		06A71A862201F2A3001DE399 /* Release */ = {
			isa = XCBuildConfiguration;
			buildSettings = {
				ALWAYS_SEARCH_USER_PATHS = NO;
				CLANG_ANALYZER_NONNULL = YES;
				CLANG_ANALYZER_NUMBER_OBJECT_CONVERSION = YES_AGGRESSIVE;
				CLANG_CXX_LANGUAGE_STANDARD = "gnu++14";
				CLANG_CXX_LIBRARY = "libc++";
				CLANG_ENABLE_MODULES = YES;
				CLANG_ENABLE_OBJC_ARC = YES;
				CLANG_ENABLE_OBJC_WEAK = YES;
				CLANG_WARN_BLOCK_CAPTURE_AUTORELEASING = YES;
				CLANG_WARN_BOOL_CONVERSION = YES;
				CLANG_WARN_COMMA = YES;
				CLANG_WARN_CONSTANT_CONVERSION = YES;
				CLANG_WARN_DEPRECATED_OBJC_IMPLEMENTATIONS = YES;
				CLANG_WARN_DIRECT_OBJC_ISA_USAGE = YES_ERROR;
				CLANG_WARN_DOCUMENTATION_COMMENTS = YES;
				CLANG_WARN_EMPTY_BODY = YES;
				CLANG_WARN_ENUM_CONVERSION = YES;
				CLANG_WARN_INFINITE_RECURSION = YES;
				CLANG_WARN_INT_CONVERSION = YES;
				CLANG_WARN_NON_LITERAL_NULL_CONVERSION = YES;
				CLANG_WARN_OBJC_IMPLICIT_RETAIN_SELF = YES;
				CLANG_WARN_OBJC_LITERAL_CONVERSION = YES;
				CLANG_WARN_OBJC_ROOT_CLASS = YES_ERROR;
				CLANG_WARN_RANGE_LOOP_ANALYSIS = YES;
				CLANG_WARN_STRICT_PROTOTYPES = YES;
				CLANG_WARN_SUSPICIOUS_MOVE = YES;
				CLANG_WARN_UNGUARDED_AVAILABILITY = YES_AGGRESSIVE;
				CLANG_WARN_UNREACHABLE_CODE = YES;
				CLANG_WARN__DUPLICATE_METHOD_MATCH = YES;
				CODE_SIGN_IDENTITY = "iPhone Developer";
				COPY_PHASE_STRIP = NO;
				DEBUG_INFORMATION_FORMAT = "dwarf-with-dsym";
				ENABLE_NS_ASSERTIONS = NO;
				ENABLE_STRICT_OBJC_MSGSEND = YES;
				GCC_C_LANGUAGE_STANDARD = gnu11;
				GCC_NO_COMMON_BLOCKS = YES;
				GCC_WARN_64_TO_32_BIT_CONVERSION = YES;
				GCC_WARN_ABOUT_RETURN_TYPE = YES_ERROR;
				GCC_WARN_UNDECLARED_SELECTOR = YES;
				GCC_WARN_UNINITIALIZED_AUTOS = YES_AGGRESSIVE;
				GCC_WARN_UNUSED_FUNCTION = YES;
				GCC_WARN_UNUSED_VARIABLE = YES;
				IPHONEOS_DEPLOYMENT_TARGET = 12.1;
				MTL_ENABLE_DEBUG_INFO = NO;
				MTL_FAST_MATH = YES;
				SDKROOT = iphoneos;
				SWIFT_COMPILATION_MODE = wholemodule;
				SWIFT_OPTIMIZATION_LEVEL = "-O";
				VALIDATE_PRODUCT = YES;
			};
			name = Release;
		};
		06A71A882201F2A3001DE399 /* Debug */ = {
			isa = XCBuildConfiguration;
			baseConfigurationReference = BDED701BD88F56CBFF584304 /* Pods-MeditationAppShowcase.debug.xcconfig */;
			buildSettings = {
				ASSETCATALOG_COMPILER_APPICON_NAME = AppIcon;
				CODE_SIGN_STYLE = Manual;
				DEVELOPMENT_TEAM = "";
				INFOPLIST_FILE = "$(SRCROOT)/MeditationAppShowcase/Resources/Info.plist";
				IPHONEOS_DEPLOYMENT_TARGET = 11.0;
				LD_RUNPATH_SEARCH_PATHS = (
					"$(inherited)",
					"@executable_path/Frameworks",
				);
				PRODUCT_BUNDLE_IDENTIFIER = pl.meditationapp.MeditationAppShowcase;
				PRODUCT_NAME = "$(TARGET_NAME)";
				PROVISIONING_PROFILE_SPECIFIER = "";
				SWIFT_VERSION = 4.2;
				TARGETED_DEVICE_FAMILY = "1,2";
			};
			name = Debug;
		};
		06A71A892201F2A3001DE399 /* Release */ = {
			isa = XCBuildConfiguration;
			baseConfigurationReference = C85F48EB171E7D52BD46EF8B /* Pods-MeditationAppShowcase.release.xcconfig */;
			buildSettings = {
				ASSETCATALOG_COMPILER_APPICON_NAME = AppIcon;
				CODE_SIGN_STYLE = Manual;
				DEVELOPMENT_TEAM = "";
				INFOPLIST_FILE = "$(SRCROOT)/MeditationAppShowcase/Resources/Info.plist";
				IPHONEOS_DEPLOYMENT_TARGET = 11.0;
				LD_RUNPATH_SEARCH_PATHS = (
					"$(inherited)",
					"@executable_path/Frameworks",
				);
				PRODUCT_BUNDLE_IDENTIFIER = pl.meditationapp.MeditationAppShowcase;
				PRODUCT_NAME = "$(TARGET_NAME)";
				PROVISIONING_PROFILE_SPECIFIER = "";
				SWIFT_VERSION = 4.2;
				TARGETED_DEVICE_FAMILY = "1,2";
			};
			name = Release;
		};
/* End XCBuildConfiguration section */

/* Begin XCConfigurationList section */
		069005DA2225853700321F4C /* Build configuration list for PBXNativeTarget "MeditationAppShowcaseUnitTests" */ = {
			isa = XCConfigurationList;
			buildConfigurations = (
				069005D82225853700321F4C /* Debug */,
				069005D92225853700321F4C /* Release */,
			);
			defaultConfigurationIsVisible = 0;
			defaultConfigurationName = Release;
		};
		06A71A702201F2A1001DE399 /* Build configuration list for PBXProject "MeditationAppShowcase" */ = {
			isa = XCConfigurationList;
			buildConfigurations = (
				06A71A852201F2A3001DE399 /* Debug */,
				06A71A862201F2A3001DE399 /* Release */,
			);
			defaultConfigurationIsVisible = 0;
			defaultConfigurationName = Release;
		};
		06A71A872201F2A3001DE399 /* Build configuration list for PBXNativeTarget "MeditationAppShowcase" */ = {
			isa = XCConfigurationList;
			buildConfigurations = (
				06A71A882201F2A3001DE399 /* Debug */,
				06A71A892201F2A3001DE399 /* Release */,
			);
			defaultConfigurationIsVisible = 0;
			defaultConfigurationName = Release;
		};
/* End XCConfigurationList section */
	};
	rootObject = 06A71A6D2201F2A1001DE399 /* Project object */;
}
